// !$*UTF8*$!
{
	archiveVersion = 1;
	classes = {
	};
	objectVersion = 56;
	objects = {

/* Begin PBXBuildFile section */
		AA3F83AA2D4B7DDD00C7A6C0 /* CheckBoxModel.swift in Sources */ = {isa = PBXBuildFile; fileRef = AA3F83A82D4B7DDD00C7A6C0 /* CheckBoxModel.swift */; };
		AA3F83AE2D4B7DFA00C7A6C0 /* SubmitButtonCheckBoxView.swift in Sources */ = {isa = PBXBuildFile; fileRef = AA3F83AD2D4B7DFA00C7A6C0 /* SubmitButtonCheckBoxView.swift */; };
		AA3F83AF2D4B7DFA00C7A6C0 /* ErrorMessageCheckBoxView.swift in Sources */ = {isa = PBXBuildFile; fileRef = AA3F83AC2D4B7DFA00C7A6C0 /* ErrorMessageCheckBoxView.swift */; };
		AA3F83B22D4B7E1300C7A6C0 /* SubmitButtonRadioButtonView.swift in Sources */ = {isa = PBXBuildFile; fileRef = AA3F83B12D4B7E1300C7A6C0 /* SubmitButtonRadioButtonView.swift */; };
		AA3F83B32D4B7E1300C7A6C0 /* ErrorMessageRadioButtonView.swift in Sources */ = {isa = PBXBuildFile; fileRef = AA3F83B02D4B7E1300C7A6C0 /* ErrorMessageRadioButtonView.swift */; };
		AAD1E7C02D4B7F9400442BA4 /* RadioButtonModel.swift in Sources */ = {isa = PBXBuildFile; fileRef = AAD1E7BF2D4B7F9400442BA4 /* RadioButtonModel.swift */; };
		AAD562332D4AABD200C19A11 /* CheckBoxViewModel.swift in Sources */ = {isa = PBXBuildFile; fileRef = AAD562322D4AABD200C19A11 /* CheckBoxViewModel.swift */; };
		AAD562352D4AABE500C19A11 /* CheckBoxView.swift in Sources */ = {isa = PBXBuildFile; fileRef = AAD562342D4AABE500C19A11 /* CheckBoxView.swift */; };
		AAD562372D4AABF300C19A11 /* MultiChoiceQuestion.swift in Sources */ = {isa = PBXBuildFile; fileRef = AAD562362D4AABF300C19A11 /* MultiChoiceQuestion.swift */; };
		AAD5623A2D4AAC2700C19A11 /* CheckBoxStyle.swift in Sources */ = {isa = PBXBuildFile; fileRef = AAD562392D4AAC2700C19A11 /* CheckBoxStyle.swift */; };
		AAD964112D4AE3D300302958 /* ShowMoreButton.swift in Sources */ = {isa = PBXBuildFile; fileRef = AAD964102D4AE3D300302958 /* ShowMoreButton.swift */; };
		AAE5CA8C2D4A448B00FDA699 /* RadioButtonView.swift in Sources */ = {isa = PBXBuildFile; fileRef = AAE5CA8B2D4A448B00FDA699 /* RadioButtonView.swift */; };
		AAE5CA8F2D4A4D8D00FDA699 /* ImageExtension.swift in Sources */ = {isa = PBXBuildFile; fileRef = AAE5CA8E2D4A4D8D00FDA699 /* ImageExtension.swift */; };
		AAE5CABC2D4A506B00FDA699 /* ColorType.swift in Sources */ = {isa = PBXBuildFile; fileRef = AAE5CABB2D4A506B00FDA699 /* ColorType.swift */; };
		AAE5CABE2D4A50AD00FDA699 /* ViewExtenstion.swift in Sources */ = {isa = PBXBuildFile; fileRef = AAE5CABD2D4A50AD00FDA699 /* ViewExtenstion.swift */; };
		AAE5CAC42D4A561000FDA699 /* RadioButtonViewModel.swift in Sources */ = {isa = PBXBuildFile; fileRef = AAE5CAC32D4A561000FDA699 /* RadioButtonViewModel.swift */; };
		AAE5CAC62D4A61FD00FDA699 /* QuestionsRadioButton.swift in Sources */ = {isa = PBXBuildFile; fileRef = AAE5CAC52D4A61FD00FDA699 /* QuestionsRadioButton.swift */; };
		E489E8142D4A3B17007EA370 /* TextBoxComponent.swift in Sources */ = {isa = PBXBuildFile; fileRef = E489E8132D4A3B17007EA370 /* TextBoxComponent.swift */; };
		E489E8172D4A3B48007EA370 /* TextBoxConfiguration.swift in Sources */ = {isa = PBXBuildFile; fileRef = E489E8162D4A3B48007EA370 /* TextBoxConfiguration.swift */; };
		E489E81B2D4A4072007EA370 /* TextBoxViewModel.swift in Sources */ = {isa = PBXBuildFile; fileRef = E489E81A2D4A4072007EA370 /* TextBoxViewModel.swift */; };
		E489E81E2D4A6A15007EA370 /* Color+Extensions.swift in Sources */ = {isa = PBXBuildFile; fileRef = E489E81D2D4A6A15007EA370 /* Color+Extensions.swift */; };
		E489E8202D4A7B72007EA370 /* ComponentType.swift in Sources */ = {isa = PBXBuildFile; fileRef = E489E81F2D4A7B72007EA370 /* ComponentType.swift */; };
		E489E8242D4B5BA0007EA370 /* CustomDropDownView.swift in Sources */ = {isa = PBXBuildFile; fileRef = E489E8232D4B5BA0007EA370 /* CustomDropDownView.swift */; };
		E4BBCFE52D4A24BF004AA735 /* DFComponentsApp.swift in Sources */ = {isa = PBXBuildFile; fileRef = E4BBCFE42D4A24BF004AA735 /* DFComponentsApp.swift */; };
		E4BBCFE92D4A24C2004AA735 /* Assets.xcassets in Resources */ = {isa = PBXBuildFile; fileRef = E4BBCFE82D4A24C2004AA735 /* Assets.xcassets */; };
		E4BBCFED2D4A24C2004AA735 /* Preview Assets.xcassets in Resources */ = {isa = PBXBuildFile; fileRef = E4BBCFEC2D4A24C2004AA735 /* Preview Assets.xcassets */; };
		E4BBCFF72D4A24C3004AA735 /* DFComponentsTests.swift in Sources */ = {isa = PBXBuildFile; fileRef = E4BBCFF62D4A24C3004AA735 /* DFComponentsTests.swift */; };
		E4BBD0012D4A24C3004AA735 /* DFComponentsUITests.swift in Sources */ = {isa = PBXBuildFile; fileRef = E4BBD0002D4A24C3004AA735 /* DFComponentsUITests.swift */; };
		E4BBD0032D4A24C3004AA735 /* DFComponentsUITestsLaunchTests.swift in Sources */ = {isa = PBXBuildFile; fileRef = E4BBD0022D4A24C3004AA735 /* DFComponentsUITestsLaunchTests.swift */; };
		E4BBD0142D4A25C6004AA735 /* DFComponentsView.swift in Sources */ = {isa = PBXBuildFile; fileRef = E4BBD0132D4A25C6004AA735 /* DFComponentsView.swift */; };
		E4BBD01B2D4A2B24004AA735 /* README.md in Resources */ = {isa = PBXBuildFile; fileRef = E4BBD01A2D4A2B24004AA735 /* README.md */; };
		E4BBD01E2D4A47BD004AA735 /* DropDownView.swift in Sources */ = {isa = PBXBuildFile; fileRef = E4BBD01D2D4A47BD004AA735 /* DropDownView.swift */; };
		E4BBD0202D4A49BC004AA735 /* SearchBarView.swift in Sources */ = {isa = PBXBuildFile; fileRef = E4BBD01F2D4A49BC004AA735 /* SearchBarView.swift */; };
		E4BBD0232D4A4A29004AA735 /* DropDownViewModel.swift in Sources */ = {isa = PBXBuildFile; fileRef = E4BBD0222D4A4A29004AA735 /* DropDownViewModel.swift */; };
		E4BBD0272D4A4A7F004AA735 /* CountryDTO.swift in Sources */ = {isa = PBXBuildFile; fileRef = E4BBD0262D4A4A7F004AA735 /* CountryDTO.swift */; };
/* End PBXBuildFile section */

/* Begin PBXContainerItemProxy section */
		E4BBCFF32D4A24C3004AA735 /* PBXContainerItemProxy */ = {
			isa = PBXContainerItemProxy;
			containerPortal = E4BBCFD92D4A24BF004AA735 /* Project object */;
			proxyType = 1;
			remoteGlobalIDString = E4BBCFE02D4A24BF004AA735;
			remoteInfo = DFComponents;
		};
		E4BBCFFD2D4A24C3004AA735 /* PBXContainerItemProxy */ = {
			isa = PBXContainerItemProxy;
			containerPortal = E4BBCFD92D4A24BF004AA735 /* Project object */;
			proxyType = 1;
			remoteGlobalIDString = E4BBCFE02D4A24BF004AA735;
			remoteInfo = DFComponents;
		};
/* End PBXContainerItemProxy section */

/* Begin PBXFileReference section */
		AA3F83A82D4B7DDD00C7A6C0 /* CheckBoxModel.swift */ = {isa = PBXFileReference; lastKnownFileType = sourcecode.swift; path = CheckBoxModel.swift; sourceTree = "<group>"; };
		AA3F83AC2D4B7DFA00C7A6C0 /* ErrorMessageCheckBoxView.swift */ = {isa = PBXFileReference; lastKnownFileType = sourcecode.swift; path = ErrorMessageCheckBoxView.swift; sourceTree = "<group>"; };
		AA3F83AD2D4B7DFA00C7A6C0 /* SubmitButtonCheckBoxView.swift */ = {isa = PBXFileReference; lastKnownFileType = sourcecode.swift; path = SubmitButtonCheckBoxView.swift; sourceTree = "<group>"; };
		AA3F83B02D4B7E1300C7A6C0 /* ErrorMessageRadioButtonView.swift */ = {isa = PBXFileReference; lastKnownFileType = sourcecode.swift; path = ErrorMessageRadioButtonView.swift; sourceTree = "<group>"; };
		AA3F83B12D4B7E1300C7A6C0 /* SubmitButtonRadioButtonView.swift */ = {isa = PBXFileReference; lastKnownFileType = sourcecode.swift; path = SubmitButtonRadioButtonView.swift; sourceTree = "<group>"; };
		AAD1E7BF2D4B7F9400442BA4 /* RadioButtonModel.swift */ = {isa = PBXFileReference; lastKnownFileType = sourcecode.swift; path = RadioButtonModel.swift; sourceTree = "<group>"; };
		AAD562322D4AABD200C19A11 /* CheckBoxViewModel.swift */ = {isa = PBXFileReference; lastKnownFileType = sourcecode.swift; path = CheckBoxViewModel.swift; sourceTree = "<group>"; };
		AAD562342D4AABE500C19A11 /* CheckBoxView.swift */ = {isa = PBXFileReference; lastKnownFileType = sourcecode.swift; path = CheckBoxView.swift; sourceTree = "<group>"; };
		AAD562362D4AABF300C19A11 /* MultiChoiceQuestion.swift */ = {isa = PBXFileReference; lastKnownFileType = sourcecode.swift; path = MultiChoiceQuestion.swift; sourceTree = "<group>"; };
		AAD562392D4AAC2700C19A11 /* CheckBoxStyle.swift */ = {isa = PBXFileReference; lastKnownFileType = sourcecode.swift; path = CheckBoxStyle.swift; sourceTree = "<group>"; };
		AAD964102D4AE3D300302958 /* ShowMoreButton.swift */ = {isa = PBXFileReference; lastKnownFileType = sourcecode.swift; path = ShowMoreButton.swift; sourceTree = "<group>"; };
		AAE5CA8B2D4A448B00FDA699 /* RadioButtonView.swift */ = {isa = PBXFileReference; lastKnownFileType = sourcecode.swift; path = RadioButtonView.swift; sourceTree = "<group>"; };
		AAE5CA8E2D4A4D8D00FDA699 /* ImageExtension.swift */ = {isa = PBXFileReference; lastKnownFileType = sourcecode.swift; path = ImageExtension.swift; sourceTree = "<group>"; };
		AAE5CABB2D4A506B00FDA699 /* ColorType.swift */ = {isa = PBXFileReference; lastKnownFileType = sourcecode.swift; path = ColorType.swift; sourceTree = "<group>"; };
		AAE5CABD2D4A50AD00FDA699 /* ViewExtenstion.swift */ = {isa = PBXFileReference; lastKnownFileType = sourcecode.swift; path = ViewExtenstion.swift; sourceTree = "<group>"; };
		AAE5CAC32D4A561000FDA699 /* RadioButtonViewModel.swift */ = {isa = PBXFileReference; lastKnownFileType = sourcecode.swift; path = RadioButtonViewModel.swift; sourceTree = "<group>"; };
		AAE5CAC52D4A61FD00FDA699 /* QuestionsRadioButton.swift */ = {isa = PBXFileReference; lastKnownFileType = sourcecode.swift; path = QuestionsRadioButton.swift; sourceTree = "<group>"; };
		E489E8132D4A3B17007EA370 /* TextBoxComponent.swift */ = {isa = PBXFileReference; fileEncoding = 4; lastKnownFileType = sourcecode.swift; path = TextBoxComponent.swift; sourceTree = "<group>"; };
		E489E8162D4A3B48007EA370 /* TextBoxConfiguration.swift */ = {isa = PBXFileReference; fileEncoding = 4; lastKnownFileType = sourcecode.swift; path = TextBoxConfiguration.swift; sourceTree = "<group>"; };
		E489E81A2D4A4072007EA370 /* TextBoxViewModel.swift */ = {isa = PBXFileReference; lastKnownFileType = sourcecode.swift; path = TextBoxViewModel.swift; sourceTree = "<group>"; };
		E489E81D2D4A6A15007EA370 /* Color+Extensions.swift */ = {isa = PBXFileReference; lastKnownFileType = sourcecode.swift; path = "Color+Extensions.swift"; sourceTree = "<group>"; };
		E489E81F2D4A7B72007EA370 /* ComponentType.swift */ = {isa = PBXFileReference; lastKnownFileType = sourcecode.swift; path = ComponentType.swift; sourceTree = "<group>"; };
		E489E8232D4B5BA0007EA370 /* CustomDropDownView.swift */ = {isa = PBXFileReference; lastKnownFileType = sourcecode.swift; path = CustomDropDownView.swift; sourceTree = "<group>"; };
		E4BBCFE12D4A24BF004AA735 /* DFComponents.app */ = {isa = PBXFileReference; explicitFileType = wrapper.application; includeInIndex = 0; path = DFComponents.app; sourceTree = BUILT_PRODUCTS_DIR; };
		E4BBCFE42D4A24BF004AA735 /* DFComponentsApp.swift */ = {isa = PBXFileReference; lastKnownFileType = sourcecode.swift; path = DFComponentsApp.swift; sourceTree = "<group>"; };
		E4BBCFE82D4A24C2004AA735 /* Assets.xcassets */ = {isa = PBXFileReference; lastKnownFileType = folder.assetcatalog; path = Assets.xcassets; sourceTree = "<group>"; };
		E4BBCFEA2D4A24C2004AA735 /* DFComponents.entitlements */ = {isa = PBXFileReference; lastKnownFileType = text.plist.entitlements; path = DFComponents.entitlements; sourceTree = "<group>"; };
		E4BBCFEC2D4A24C2004AA735 /* Preview Assets.xcassets */ = {isa = PBXFileReference; lastKnownFileType = folder.assetcatalog; path = "Preview Assets.xcassets"; sourceTree = "<group>"; };
		E4BBCFF22D4A24C3004AA735 /* DFComponentsTests.xctest */ = {isa = PBXFileReference; explicitFileType = wrapper.cfbundle; includeInIndex = 0; path = DFComponentsTests.xctest; sourceTree = BUILT_PRODUCTS_DIR; };
		E4BBCFF62D4A24C3004AA735 /* DFComponentsTests.swift */ = {isa = PBXFileReference; lastKnownFileType = sourcecode.swift; path = DFComponentsTests.swift; sourceTree = "<group>"; };
		E4BBCFFC2D4A24C3004AA735 /* DFComponentsUITests.xctest */ = {isa = PBXFileReference; explicitFileType = wrapper.cfbundle; includeInIndex = 0; path = DFComponentsUITests.xctest; sourceTree = BUILT_PRODUCTS_DIR; };
		E4BBD0002D4A24C3004AA735 /* DFComponentsUITests.swift */ = {isa = PBXFileReference; lastKnownFileType = sourcecode.swift; path = DFComponentsUITests.swift; sourceTree = "<group>"; };
		E4BBD0022D4A24C3004AA735 /* DFComponentsUITestsLaunchTests.swift */ = {isa = PBXFileReference; lastKnownFileType = sourcecode.swift; path = DFComponentsUITestsLaunchTests.swift; sourceTree = "<group>"; };
		E4BBD0132D4A25C6004AA735 /* DFComponentsView.swift */ = {isa = PBXFileReference; lastKnownFileType = sourcecode.swift; path = DFComponentsView.swift; sourceTree = "<group>"; };
		E4BBD01A2D4A2B24004AA735 /* README.md */ = {isa = PBXFileReference; lastKnownFileType = net.daringfireball.markdown; path = README.md; sourceTree = "<group>"; };
		E4BBD01D2D4A47BD004AA735 /* DropDownView.swift */ = {isa = PBXFileReference; lastKnownFileType = sourcecode.swift; path = DropDownView.swift; sourceTree = "<group>"; };
		E4BBD01F2D4A49BC004AA735 /* SearchBarView.swift */ = {isa = PBXFileReference; fileEncoding = 4; lastKnownFileType = sourcecode.swift; path = SearchBarView.swift; sourceTree = "<group>"; };
		E4BBD0222D4A4A29004AA735 /* DropDownViewModel.swift */ = {isa = PBXFileReference; fileEncoding = 4; lastKnownFileType = sourcecode.swift; path = DropDownViewModel.swift; sourceTree = "<group>"; };
		E4BBD0262D4A4A7F004AA735 /* CountryDTO.swift */ = {isa = PBXFileReference; fileEncoding = 4; lastKnownFileType = sourcecode.swift; path = CountryDTO.swift; sourceTree = "<group>"; };
/* End PBXFileReference section */

/* Begin PBXFrameworksBuildPhase section */
		E4BBCFDE2D4A24BF004AA735 /* Frameworks */ = {
			isa = PBXFrameworksBuildPhase;
			buildActionMask = 2147483647;
			files = (
			);
			runOnlyForDeploymentPostprocessing = 0;
		};
		E4BBCFEF2D4A24C3004AA735 /* Frameworks */ = {
			isa = PBXFrameworksBuildPhase;
			buildActionMask = 2147483647;
			files = (
			);
			runOnlyForDeploymentPostprocessing = 0;
		};
		E4BBCFF92D4A24C3004AA735 /* Frameworks */ = {
			isa = PBXFrameworksBuildPhase;
			buildActionMask = 2147483647;
			files = (
			);
			runOnlyForDeploymentPostprocessing = 0;
		};
/* End PBXFrameworksBuildPhase section */

/* Begin PBXGroup section */
		AAD5622F2D4AABAA00C19A11 /* CheckBox */ = {
			isa = PBXGroup;
			children = (
				AAD562382D4AAC1500C19A11 /* Styling */,
				AAD562312D4AABBC00C19A11 /* ViewModel */,
				AAD562302D4AABB300C19A11 /* Views */,
			);
			path = CheckBox;
			sourceTree = "<group>";
		};
		AAD562302D4AABB300C19A11 /* Views */ = {
			isa = PBXGroup;
			children = (
				AA3F83AC2D4B7DFA00C7A6C0 /* ErrorMessageCheckBoxView.swift */,
				AA3F83AD2D4B7DFA00C7A6C0 /* SubmitButtonCheckBoxView.swift */,
				AAD562342D4AABE500C19A11 /* CheckBoxView.swift */,
				AAD562362D4AABF300C19A11 /* MultiChoiceQuestion.swift */,
				AAD964102D4AE3D300302958 /* ShowMoreButton.swift */,
			);
			path = Views;
			sourceTree = "<group>";
		};
		AAD562312D4AABBC00C19A11 /* ViewModel */ = {
			isa = PBXGroup;
			children = (
				AAD562322D4AABD200C19A11 /* CheckBoxViewModel.swift */,
			);
			path = ViewModel;
			sourceTree = "<group>";
		};
		AAD562382D4AAC1500C19A11 /* Styling */ = {
			isa = PBXGroup;
			children = (
				AAD562392D4AAC2700C19A11 /* CheckBoxStyle.swift */,
			);
			path = Styling;
			sourceTree = "<group>";
		};
		AAE5CA8A2D4A447900FDA699 /* RadioButton */ = {
			isa = PBXGroup;
			children = (
				AAE5CAC22D4A55C200FDA699 /* ViewModel */,
				AAE5CAC12D4A55B400FDA699 /* Views */,
			);
			path = RadioButton;
			sourceTree = "<group>";
		};
		AAE5CA8D2D4A4D6F00FDA699 /* Extenstions */ = {
			isa = PBXGroup;
			children = (
				AAE5CA8E2D4A4D8D00FDA699 /* ImageExtension.swift */,
				AAE5CABD2D4A50AD00FDA699 /* ViewExtenstion.swift */,
			);
			path = Extenstions;
			sourceTree = "<group>";
		};
		AAE5CAB92D4A504800FDA699 /* Enums */ = {
			isa = PBXGroup;
			children = (
				AAE5CABB2D4A506B00FDA699 /* ColorType.swift */,
			);
			path = Enums;
			sourceTree = "<group>";
		};
		AAE5CABA2D4A505100FDA699 /* Common */ = {
			isa = PBXGroup;
			children = (
				AAE5CAB92D4A504800FDA699 /* Enums */,
				AAE5CA8D2D4A4D6F00FDA699 /* Extenstions */,
			);
			path = Common;
			sourceTree = "<group>";
		};
		AAE5CAC12D4A55B400FDA699 /* Views */ = {
			isa = PBXGroup;
			children = (
				AA3F83B02D4B7E1300C7A6C0 /* ErrorMessageRadioButtonView.swift */,
				AA3F83B12D4B7E1300C7A6C0 /* SubmitButtonRadioButtonView.swift */,
				AAE5CA8B2D4A448B00FDA699 /* RadioButtonView.swift */,
				AAE5CAC52D4A61FD00FDA699 /* QuestionsRadioButton.swift */,
			);
			path = Views;
			sourceTree = "<group>";
		};
		AAE5CAC22D4A55C200FDA699 /* ViewModel */ = {
			isa = PBXGroup;
			children = (
				AAE5CAC32D4A561000FDA699 /* RadioButtonViewModel.swift */,
			);
			path = ViewModel;
			sourceTree = "<group>";
		};
		E489E8122D4A3AFC007EA370 /* TextBoxComponent */ = {
			isa = PBXGroup;
			children = (
				E489E8192D4A3B96007EA370 /* ViewModel */,
				E489E8182D4A3B8E007EA370 /* View */,
				E489E8152D4A3B3E007EA370 /* Model */,
			);
			path = TextBoxComponent;
			sourceTree = "<group>";
		};
		E489E8152D4A3B3E007EA370 /* Model */ = {
			isa = PBXGroup;
			children = (
				E489E8162D4A3B48007EA370 /* TextBoxConfiguration.swift */,
				E489E81F2D4A7B72007EA370 /* ComponentType.swift */,
			);
			path = Model;
			sourceTree = "<group>";
		};
		E489E8182D4A3B8E007EA370 /* View */ = {
			isa = PBXGroup;
			children = (
				E489E8222D4B5B82007EA370 /* CustomDropDownView */,
				E489E8132D4A3B17007EA370 /* TextBoxComponent.swift */,
			);
			path = View;
			sourceTree = "<group>";
		};
		E489E8192D4A3B96007EA370 /* ViewModel */ = {
			isa = PBXGroup;
			children = (
				E489E81A2D4A4072007EA370 /* TextBoxViewModel.swift */,
			);
			path = ViewModel;
			sourceTree = "<group>";
		};
		E489E81C2D4A6A04007EA370 /* Extensions  */ = {
			isa = PBXGroup;
			children = (
				E489E81D2D4A6A15007EA370 /* Color+Extensions.swift */,
			);
			path = "Extensions ";
			sourceTree = "<group>";
		};
		E489E8222D4B5B82007EA370 /* CustomDropDownView */ = {
			isa = PBXGroup;
			children = (
				E489E8232D4B5BA0007EA370 /* CustomDropDownView.swift */,
			);
			path = CustomDropDownView;
			sourceTree = "<group>";
		};
		E4BBCFD82D4A24BF004AA735 = {
			isa = PBXGroup;
			children = (
				E4BBCFE32D4A24BF004AA735 /* DFComponents */,
				E4BBCFF52D4A24C3004AA735 /* DFComponentsTests */,
				E4BBCFFF2D4A24C3004AA735 /* DFComponentsUITests */,
				E4BBCFE22D4A24BF004AA735 /* Products */,
			);
			sourceTree = "<group>";
		};
		E4BBCFE22D4A24BF004AA735 /* Products */ = {
			isa = PBXGroup;
			children = (
				E4BBCFE12D4A24BF004AA735 /* DFComponents.app */,
				E4BBCFF22D4A24C3004AA735 /* DFComponentsTests.xctest */,
				E4BBCFFC2D4A24C3004AA735 /* DFComponentsUITests.xctest */,
			);
			name = Products;
			sourceTree = "<group>";
		};
		E4BBCFE32D4A24BF004AA735 /* DFComponents */ = {
			isa = PBXGroup;
			children = (
				E4BBD0242D4A4A53004AA735 /* Data */,
				AAE5CABA2D4A505100FDA699 /* Common */,
				E4BBD00F2D4A24EA004AA735 /* Presentation */,
				E4BBCFE42D4A24BF004AA735 /* DFComponentsApp.swift */,
				E4BBCFE82D4A24C2004AA735 /* Assets.xcassets */,
				E4BBCFEA2D4A24C2004AA735 /* DFComponents.entitlements */,
				E4BBCFEB2D4A24C2004AA735 /* Preview Content */,
			);
			path = DFComponents;
			sourceTree = "<group>";
		};
		E4BBCFEB2D4A24C2004AA735 /* Preview Content */ = {
			isa = PBXGroup;
			children = (
				E4BBCFEC2D4A24C2004AA735 /* Preview Assets.xcassets */,
			);
			path = "Preview Content";
			sourceTree = "<group>";
		};
		E4BBCFF52D4A24C3004AA735 /* DFComponentsTests */ = {
			isa = PBXGroup;
			children = (
				E4BBCFF62D4A24C3004AA735 /* DFComponentsTests.swift */,
			);
			path = DFComponentsTests;
			sourceTree = "<group>";
		};
		E4BBCFFF2D4A24C3004AA735 /* DFComponentsUITests */ = {
			isa = PBXGroup;
			children = (
				E4BBD0002D4A24C3004AA735 /* DFComponentsUITests.swift */,
				E4BBD0022D4A24C3004AA735 /* DFComponentsUITestsLaunchTests.swift */,
			);
			path = DFComponentsUITests;
			sourceTree = "<group>";
		};
		E4BBD00F2D4A24EA004AA735 /* Presentation */ = {
			isa = PBXGroup;
			children = (
				E4BBD0192D4A2AFF004AA735 /* UIComponents */,
				E4BBD0112D4A250D004AA735 /* Modifiers */,
				E4BBD0102D4A24FE004AA735 /* Scenes */,
			);
			path = Presentation;
			sourceTree = "<group>";
		};
		E4BBD0102D4A24FE004AA735 /* Scenes */ = {
			isa = PBXGroup;
			children = (
				E4BBD0132D4A25C6004AA735 /* DFComponentsView.swift */,
			);
			path = Scenes;
			sourceTree = "<group>";
		};
		E4BBD0112D4A250D004AA735 /* Modifiers */ = {
			isa = PBXGroup;
			children = (
			);
			path = Modifiers;
			sourceTree = "<group>";
		};
		E4BBD0192D4A2AFF004AA735 /* UIComponents */ = {
			isa = PBXGroup;
			children = (
				E4BBD01C2D4A47A2004AA735 /* DropDownView */,
				AAD5622F2D4AABAA00C19A11 /* CheckBox */,
				E489E81C2D4A6A04007EA370 /* Extensions  */,
				E489E8122D4A3AFC007EA370 /* TextBoxComponent */,
				AAE5CA8A2D4A447900FDA699 /* RadioButton */,
				E4BBD01A2D4A2B24004AA735 /* README.md */,
			);
			path = UIComponents;
			sourceTree = "<group>";
		};
		E4BBD01C2D4A47A2004AA735 /* DropDownView */ = {
			isa = PBXGroup;
			children = (
				E4BBD0292D4A59D7004AA735 /* CustomViews */,
				E4BBD0282D4A59CC004AA735 /* View */,
				E4BBD0212D4A4A29004AA735 /* ViewModel */,
			);
			path = DropDownView;
			sourceTree = "<group>";
		};
		E4BBD0212D4A4A29004AA735 /* ViewModel */ = {
			isa = PBXGroup;
			children = (
				E4BBD0222D4A4A29004AA735 /* DropDownViewModel.swift */,
			);
			path = ViewModel;
			sourceTree = "<group>";
		};
		E4BBD0242D4A4A53004AA735 /* Data */ = {
			isa = PBXGroup;
			children = (
				E4BBD0252D4A4A64004AA735 /* DTO */,
			);
			path = Data;
			sourceTree = "<group>";
		};
		E4BBD0252D4A4A64004AA735 /* DTO */ = {
			isa = PBXGroup;
			children = (
				E4BBD0262D4A4A7F004AA735 /* CountryDTO.swift */,
				AA3F83A82D4B7DDD00C7A6C0 /* CheckBoxModel.swift */,
				AAD1E7BF2D4B7F9400442BA4 /* RadioButtonModel.swift */,
			);
			path = DTO;
			sourceTree = "<group>";
		};
		E4BBD0282D4A59CC004AA735 /* View */ = {
			isa = PBXGroup;
			children = (
				E4BBD01D2D4A47BD004AA735 /* DropDownView.swift */,
			);
			path = View;
			sourceTree = "<group>";
		};
		E4BBD0292D4A59D7004AA735 /* CustomViews */ = {
			isa = PBXGroup;
			children = (
				E4BBD01F2D4A49BC004AA735 /* SearchBarView.swift */,
			);
			path = CustomViews;
			sourceTree = "<group>";
		};
/* End PBXGroup section */

/* Begin PBXNativeTarget section */
		E4BBCFE02D4A24BF004AA735 /* DFComponents */ = {
			isa = PBXNativeTarget;
			buildConfigurationList = E4BBD0062D4A24C3004AA735 /* Build configuration list for PBXNativeTarget "DFComponents" */;
			buildPhases = (
				E4BBCFDD2D4A24BF004AA735 /* Sources */,
				E4BBCFDE2D4A24BF004AA735 /* Frameworks */,
				E4BBCFDF2D4A24BF004AA735 /* Resources */,
			);
			buildRules = (
			);
			dependencies = (
			);
			name = DFComponents;
			productName = DFComponents;
			productReference = E4BBCFE12D4A24BF004AA735 /* DFComponents.app */;
			productType = "com.apple.product-type.application";
		};
		E4BBCFF12D4A24C3004AA735 /* DFComponentsTests */ = {
			isa = PBXNativeTarget;
			buildConfigurationList = E4BBD0092D4A24C3004AA735 /* Build configuration list for PBXNativeTarget "DFComponentsTests" */;
			buildPhases = (
				E4BBCFEE2D4A24C3004AA735 /* Sources */,
				E4BBCFEF2D4A24C3004AA735 /* Frameworks */,
				E4BBCFF02D4A24C3004AA735 /* Resources */,
			);
			buildRules = (
			);
			dependencies = (
				E4BBCFF42D4A24C3004AA735 /* PBXTargetDependency */,
			);
			name = DFComponentsTests;
			productName = DFComponentsTests;
			productReference = E4BBCFF22D4A24C3004AA735 /* DFComponentsTests.xctest */;
			productType = "com.apple.product-type.bundle.unit-test";
		};
		E4BBCFFB2D4A24C3004AA735 /* DFComponentsUITests */ = {
			isa = PBXNativeTarget;
			buildConfigurationList = E4BBD00C2D4A24C3004AA735 /* Build configuration list for PBXNativeTarget "DFComponentsUITests" */;
			buildPhases = (
				E4BBCFF82D4A24C3004AA735 /* Sources */,
				E4BBCFF92D4A24C3004AA735 /* Frameworks */,
				E4BBCFFA2D4A24C3004AA735 /* Resources */,
			);
			buildRules = (
			);
			dependencies = (
				E4BBCFFE2D4A24C3004AA735 /* PBXTargetDependency */,
			);
			name = DFComponentsUITests;
			productName = DFComponentsUITests;
			productReference = E4BBCFFC2D4A24C3004AA735 /* DFComponentsUITests.xctest */;
			productType = "com.apple.product-type.bundle.ui-testing";
		};
/* End PBXNativeTarget section */

/* Begin PBXProject section */
		E4BBCFD92D4A24BF004AA735 /* Project object */ = {
			isa = PBXProject;
			attributes = {
				BuildIndependentTargetsInParallel = 1;
				LastSwiftUpdateCheck = 1520;
				LastUpgradeCheck = 1520;
				TargetAttributes = {
					E4BBCFE02D4A24BF004AA735 = {
						CreatedOnToolsVersion = 15.2;
					};
					E4BBCFF12D4A24C3004AA735 = {
						CreatedOnToolsVersion = 15.2;
						TestTargetID = E4BBCFE02D4A24BF004AA735;
					};
					E4BBCFFB2D4A24C3004AA735 = {
						CreatedOnToolsVersion = 15.2;
						TestTargetID = E4BBCFE02D4A24BF004AA735;
					};
				};
			};
			buildConfigurationList = E4BBCFDC2D4A24BF004AA735 /* Build configuration list for PBXProject "DFComponents" */;
			compatibilityVersion = "Xcode 14.0";
			developmentRegion = en;
			hasScannedForEncodings = 0;
			knownRegions = (
				en,
				Base,
			);
			mainGroup = E4BBCFD82D4A24BF004AA735;
			productRefGroup = E4BBCFE22D4A24BF004AA735 /* Products */;
			projectDirPath = "";
			projectRoot = "";
			targets = (
				E4BBCFE02D4A24BF004AA735 /* DFComponents */,
				E4BBCFF12D4A24C3004AA735 /* DFComponentsTests */,
				E4BBCFFB2D4A24C3004AA735 /* DFComponentsUITests */,
			);
		};
/* End PBXProject section */

/* Begin PBXResourcesBuildPhase section */
		E4BBCFDF2D4A24BF004AA735 /* Resources */ = {
			isa = PBXResourcesBuildPhase;
			buildActionMask = 2147483647;
			files = (
				E4BBD01B2D4A2B24004AA735 /* README.md in Resources */,
				E4BBCFED2D4A24C2004AA735 /* Preview Assets.xcassets in Resources */,
				E4BBCFE92D4A24C2004AA735 /* Assets.xcassets in Resources */,
			);
			runOnlyForDeploymentPostprocessing = 0;
		};
		E4BBCFF02D4A24C3004AA735 /* Resources */ = {
			isa = PBXResourcesBuildPhase;
			buildActionMask = 2147483647;
			files = (
			);
			runOnlyForDeploymentPostprocessing = 0;
		};
		E4BBCFFA2D4A24C3004AA735 /* Resources */ = {
			isa = PBXResourcesBuildPhase;
			buildActionMask = 2147483647;
			files = (
			);
			runOnlyForDeploymentPostprocessing = 0;
		};
/* End PBXResourcesBuildPhase section */

/* Begin PBXSourcesBuildPhase section */
		E4BBCFDD2D4A24BF004AA735 /* Sources */ = {
			isa = PBXSourcesBuildPhase;
			buildActionMask = 2147483647;
			files = (
				E4BBD0232D4A4A29004AA735 /* DropDownViewModel.swift in Sources */,
				E4BBD0202D4A49BC004AA735 /* SearchBarView.swift in Sources */,
				AA3F83B22D4B7E1300C7A6C0 /* SubmitButtonRadioButtonView.swift in Sources */,
				AA3F83B32D4B7E1300C7A6C0 /* ErrorMessageRadioButtonView.swift in Sources */,
				AAD964112D4AE3D300302958 /* ShowMoreButton.swift in Sources */,
				AAE5CA8F2D4A4D8D00FDA699 /* ImageExtension.swift in Sources */,
				AAE5CABC2D4A506B00FDA699 /* ColorType.swift in Sources */,
				AAE5CABE2D4A50AD00FDA699 /* ViewExtenstion.swift in Sources */,
				AAD562372D4AABF300C19A11 /* MultiChoiceQuestion.swift in Sources */,
				AAD5623A2D4AAC2700C19A11 /* CheckBoxStyle.swift in Sources */,
				AAD562352D4AABE500C19A11 /* CheckBoxView.swift in Sources */,
				E489E8202D4A7B72007EA370 /* ComponentType.swift in Sources */,
				AAE5CA8F2D4A4D8D00FDA699 /* ImageExtension.swift in Sources */,
				AAD1E7C02D4B7F9400442BA4 /* RadioButtonModel.swift in Sources */,
				AAE5CABC2D4A506B00FDA699 /* ColorType.swift in Sources */,
				AAE5CA8C2D4A448B00FDA699 /* RadioButtonView.swift in Sources */,
				AAE5CAC42D4A561000FDA699 /* RadioButtonViewModel.swift in Sources */,
				AAE5CABE2D4A50AD00FDA699 /* ViewExtenstion.swift in Sources */,
				E4BBD0142D4A25C6004AA735 /* DFComponentsView.swift in Sources */,
				E4BBCFE52D4A24BF004AA735 /* DFComponentsApp.swift in Sources */,
				E4BBD0272D4A4A7F004AA735 /* CountryDTO.swift in Sources */,
				E4BBD01E2D4A47BD004AA735 /* DropDownView.swift in Sources */,
				AAD562332D4AABD200C19A11 /* CheckBoxViewModel.swift in Sources */,
				E489E81B2D4A4072007EA370 /* TextBoxViewModel.swift in Sources */,
				E489E8172D4A3B48007EA370 /* TextBoxConfiguration.swift in Sources */,
				AA3F83AE2D4B7DFA00C7A6C0 /* SubmitButtonCheckBoxView.swift in Sources */,
				AA3F83AF2D4B7DFA00C7A6C0 /* ErrorMessageCheckBoxView.swift in Sources */,
				AA3F83AA2D4B7DDD00C7A6C0 /* CheckBoxModel.swift in Sources */,
				E489E8142D4A3B17007EA370 /* TextBoxComponent.swift in Sources */,
				E489E8242D4B5BA0007EA370 /* CustomDropDownView.swift in Sources */,
				E489E81E2D4A6A15007EA370 /* Color+Extensions.swift in Sources */,
				AAE5CAC62D4A61FD00FDA699 /* QuestionsRadioButton.swift in Sources */,
			);
			runOnlyForDeploymentPostprocessing = 0;
		};
		E4BBCFEE2D4A24C3004AA735 /* Sources */ = {
			isa = PBXSourcesBuildPhase;
			buildActionMask = 2147483647;
			files = (
				E4BBCFF72D4A24C3004AA735 /* DFComponentsTests.swift in Sources */,
			);
			runOnlyForDeploymentPostprocessing = 0;
		};
		E4BBCFF82D4A24C3004AA735 /* Sources */ = {
			isa = PBXSourcesBuildPhase;
			buildActionMask = 2147483647;
			files = (
				E4BBD0032D4A24C3004AA735 /* DFComponentsUITestsLaunchTests.swift in Sources */,
				E4BBD0012D4A24C3004AA735 /* DFComponentsUITests.swift in Sources */,
			);
			runOnlyForDeploymentPostprocessing = 0;
		};
/* End PBXSourcesBuildPhase section */

/* Begin PBXTargetDependency section */
		E4BBCFF42D4A24C3004AA735 /* PBXTargetDependency */ = {
			isa = PBXTargetDependency;
			target = E4BBCFE02D4A24BF004AA735 /* DFComponents */;
			targetProxy = E4BBCFF32D4A24C3004AA735 /* PBXContainerItemProxy */;
		};
		E4BBCFFE2D4A24C3004AA735 /* PBXTargetDependency */ = {
			isa = PBXTargetDependency;
			target = E4BBCFE02D4A24BF004AA735 /* DFComponents */;
			targetProxy = E4BBCFFD2D4A24C3004AA735 /* PBXContainerItemProxy */;
		};
/* End PBXTargetDependency section */

/* Begin XCBuildConfiguration section */
		E4BBD0042D4A24C3004AA735 /* Debug */ = {
			isa = XCBuildConfiguration;
			buildSettings = {
				ALWAYS_SEARCH_USER_PATHS = NO;
				ASSETCATALOG_COMPILER_GENERATE_SWIFT_ASSET_SYMBOL_EXTENSIONS = YES;
				CLANG_ANALYZER_NONNULL = YES;
				CLANG_ANALYZER_NUMBER_OBJECT_CONVERSION = YES_AGGRESSIVE;
				CLANG_CXX_LANGUAGE_STANDARD = "gnu++20";
				CLANG_ENABLE_MODULES = YES;
				CLANG_ENABLE_OBJC_ARC = YES;
				CLANG_ENABLE_OBJC_WEAK = YES;
				CLANG_WARN_BLOCK_CAPTURE_AUTORELEASING = YES;
				CLANG_WARN_BOOL_CONVERSION = YES;
				CLANG_WARN_COMMA = YES;
				CLANG_WARN_CONSTANT_CONVERSION = YES;
				CLANG_WARN_DEPRECATED_OBJC_IMPLEMENTATIONS = YES;
				CLANG_WARN_DIRECT_OBJC_ISA_USAGE = YES_ERROR;
				CLANG_WARN_DOCUMENTATION_COMMENTS = YES;
				CLANG_WARN_EMPTY_BODY = YES;
				CLANG_WARN_ENUM_CONVERSION = YES;
				CLANG_WARN_INFINITE_RECURSION = YES;
				CLANG_WARN_INT_CONVERSION = YES;
				CLANG_WARN_NON_LITERAL_NULL_CONVERSION = YES;
				CLANG_WARN_OBJC_IMPLICIT_RETAIN_SELF = YES;
				CLANG_WARN_OBJC_LITERAL_CONVERSION = YES;
				CLANG_WARN_OBJC_ROOT_CLASS = YES_ERROR;
				CLANG_WARN_QUOTED_INCLUDE_IN_FRAMEWORK_HEADER = YES;
				CLANG_WARN_RANGE_LOOP_ANALYSIS = YES;
				CLANG_WARN_STRICT_PROTOTYPES = YES;
				CLANG_WARN_SUSPICIOUS_MOVE = YES;
				CLANG_WARN_UNGUARDED_AVAILABILITY = YES_AGGRESSIVE;
				CLANG_WARN_UNREACHABLE_CODE = YES;
				CLANG_WARN__DUPLICATE_METHOD_MATCH = YES;
				COPY_PHASE_STRIP = NO;
				DEBUG_INFORMATION_FORMAT = dwarf;
				ENABLE_STRICT_OBJC_MSGSEND = YES;
				ENABLE_TESTABILITY = YES;
				ENABLE_USER_SCRIPT_SANDBOXING = YES;
				GCC_C_LANGUAGE_STANDARD = gnu17;
				GCC_DYNAMIC_NO_PIC = NO;
				GCC_NO_COMMON_BLOCKS = YES;
				GCC_OPTIMIZATION_LEVEL = 0;
				GCC_PREPROCESSOR_DEFINITIONS = (
					"DEBUG=1",
					"$(inherited)",
				);
				GCC_WARN_64_TO_32_BIT_CONVERSION = YES;
				GCC_WARN_ABOUT_RETURN_TYPE = YES_ERROR;
				GCC_WARN_UNDECLARED_SELECTOR = YES;
				GCC_WARN_UNINITIALIZED_AUTOS = YES_AGGRESSIVE;
				GCC_WARN_UNUSED_FUNCTION = YES;
				GCC_WARN_UNUSED_VARIABLE = YES;
				LOCALIZATION_PREFERS_STRING_CATALOGS = YES;
				MTL_ENABLE_DEBUG_INFO = INCLUDE_SOURCE;
				MTL_FAST_MATH = YES;
				ONLY_ACTIVE_ARCH = YES;
				SWIFT_ACTIVE_COMPILATION_CONDITIONS = "DEBUG $(inherited)";
				SWIFT_OPTIMIZATION_LEVEL = "-Onone";
			};
			name = Debug;
		};
		E4BBD0052D4A24C3004AA735 /* Release */ = {
			isa = XCBuildConfiguration;
			buildSettings = {
				ALWAYS_SEARCH_USER_PATHS = NO;
				ASSETCATALOG_COMPILER_GENERATE_SWIFT_ASSET_SYMBOL_EXTENSIONS = YES;
				CLANG_ANALYZER_NONNULL = YES;
				CLANG_ANALYZER_NUMBER_OBJECT_CONVERSION = YES_AGGRESSIVE;
				CLANG_CXX_LANGUAGE_STANDARD = "gnu++20";
				CLANG_ENABLE_MODULES = YES;
				CLANG_ENABLE_OBJC_ARC = YES;
				CLANG_ENABLE_OBJC_WEAK = YES;
				CLANG_WARN_BLOCK_CAPTURE_AUTORELEASING = YES;
				CLANG_WARN_BOOL_CONVERSION = YES;
				CLANG_WARN_COMMA = YES;
				CLANG_WARN_CONSTANT_CONVERSION = YES;
				CLANG_WARN_DEPRECATED_OBJC_IMPLEMENTATIONS = YES;
				CLANG_WARN_DIRECT_OBJC_ISA_USAGE = YES_ERROR;
				CLANG_WARN_DOCUMENTATION_COMMENTS = YES;
				CLANG_WARN_EMPTY_BODY = YES;
				CLANG_WARN_ENUM_CONVERSION = YES;
				CLANG_WARN_INFINITE_RECURSION = YES;
				CLANG_WARN_INT_CONVERSION = YES;
				CLANG_WARN_NON_LITERAL_NULL_CONVERSION = YES;
				CLANG_WARN_OBJC_IMPLICIT_RETAIN_SELF = YES;
				CLANG_WARN_OBJC_LITERAL_CONVERSION = YES;
				CLANG_WARN_OBJC_ROOT_CLASS = YES_ERROR;
				CLANG_WARN_QUOTED_INCLUDE_IN_FRAMEWORK_HEADER = YES;
				CLANG_WARN_RANGE_LOOP_ANALYSIS = YES;
				CLANG_WARN_STRICT_PROTOTYPES = YES;
				CLANG_WARN_SUSPICIOUS_MOVE = YES;
				CLANG_WARN_UNGUARDED_AVAILABILITY = YES_AGGRESSIVE;
				CLANG_WARN_UNREACHABLE_CODE = YES;
				CLANG_WARN__DUPLICATE_METHOD_MATCH = YES;
				COPY_PHASE_STRIP = NO;
				DEBUG_INFORMATION_FORMAT = "dwarf-with-dsym";
				ENABLE_NS_ASSERTIONS = NO;
				ENABLE_STRICT_OBJC_MSGSEND = YES;
				ENABLE_USER_SCRIPT_SANDBOXING = YES;
				GCC_C_LANGUAGE_STANDARD = gnu17;
				GCC_NO_COMMON_BLOCKS = YES;
				GCC_WARN_64_TO_32_BIT_CONVERSION = YES;
				GCC_WARN_ABOUT_RETURN_TYPE = YES_ERROR;
				GCC_WARN_UNDECLARED_SELECTOR = YES;
				GCC_WARN_UNINITIALIZED_AUTOS = YES_AGGRESSIVE;
				GCC_WARN_UNUSED_FUNCTION = YES;
				GCC_WARN_UNUSED_VARIABLE = YES;
				LOCALIZATION_PREFERS_STRING_CATALOGS = YES;
				MTL_ENABLE_DEBUG_INFO = NO;
				MTL_FAST_MATH = YES;
				SWIFT_COMPILATION_MODE = wholemodule;
			};
			name = Release;
		};
		E4BBD0072D4A24C3004AA735 /* Debug */ = {
			isa = XCBuildConfiguration;
			buildSettings = {
				ASSETCATALOG_COMPILER_APPICON_NAME = AppIcon;
				ASSETCATALOG_COMPILER_GLOBAL_ACCENT_COLOR_NAME = AccentColor;
				CODE_SIGN_ENTITLEMENTS = DFComponents/DFComponents.entitlements;
				CODE_SIGN_STYLE = Automatic;
				CURRENT_PROJECT_VERSION = 1;
				DEVELOPMENT_ASSET_PATHS = "\"DFComponents/Preview Content\"";
				DEVELOPMENT_TEAM = 95MM2PH5X4;
				ENABLE_HARDENED_RUNTIME = YES;
				ENABLE_PREVIEWS = YES;
				GENERATE_INFOPLIST_FILE = YES;
				"INFOPLIST_KEY_UIApplicationSceneManifest_Generation[sdk=iphoneos*]" = YES;
				"INFOPLIST_KEY_UIApplicationSceneManifest_Generation[sdk=iphonesimulator*]" = YES;
				"INFOPLIST_KEY_UIApplicationSupportsIndirectInputEvents[sdk=iphoneos*]" = YES;
				"INFOPLIST_KEY_UIApplicationSupportsIndirectInputEvents[sdk=iphonesimulator*]" = YES;
				"INFOPLIST_KEY_UILaunchScreen_Generation[sdk=iphoneos*]" = YES;
				"INFOPLIST_KEY_UILaunchScreen_Generation[sdk=iphonesimulator*]" = YES;
				"INFOPLIST_KEY_UIStatusBarStyle[sdk=iphoneos*]" = UIStatusBarStyleDefault;
				"INFOPLIST_KEY_UIStatusBarStyle[sdk=iphonesimulator*]" = UIStatusBarStyleDefault;
				INFOPLIST_KEY_UISupportedInterfaceOrientations_iPad = "UIInterfaceOrientationPortrait UIInterfaceOrientationPortraitUpsideDown UIInterfaceOrientationLandscapeLeft UIInterfaceOrientationLandscapeRight";
				INFOPLIST_KEY_UISupportedInterfaceOrientations_iPhone = "UIInterfaceOrientationPortrait UIInterfaceOrientationLandscapeLeft UIInterfaceOrientationLandscapeRight";
				IPHONEOS_DEPLOYMENT_TARGET = 17.2;
				LD_RUNPATH_SEARCH_PATHS = "@executable_path/Frameworks";
				"LD_RUNPATH_SEARCH_PATHS[sdk=macosx*]" = "@executable_path/../Frameworks";
				MACOSX_DEPLOYMENT_TARGET = 14.2;
				MARKETING_VERSION = 1.0;
				PRODUCT_BUNDLE_IDENTIFIER = com.youxel.DFComponents;
				PRODUCT_NAME = "$(TARGET_NAME)";
				SDKROOT = auto;
				SUPPORTED_PLATFORMS = "iphoneos iphonesimulator macosx";
				SWIFT_EMIT_LOC_STRINGS = YES;
				SWIFT_VERSION = 5.0;
				TARGETED_DEVICE_FAMILY = "1,2";
			};
			name = Debug;
		};
		E4BBD0082D4A24C3004AA735 /* Release */ = {
			isa = XCBuildConfiguration;
			buildSettings = {
				ASSETCATALOG_COMPILER_APPICON_NAME = AppIcon;
				ASSETCATALOG_COMPILER_GLOBAL_ACCENT_COLOR_NAME = AccentColor;
				CODE_SIGN_ENTITLEMENTS = DFComponents/DFComponents.entitlements;
				CODE_SIGN_STYLE = Automatic;
				CURRENT_PROJECT_VERSION = 1;
				DEVELOPMENT_ASSET_PATHS = "\"DFComponents/Preview Content\"";
				DEVELOPMENT_TEAM = 95MM2PH5X4;
				ENABLE_HARDENED_RUNTIME = YES;
				ENABLE_PREVIEWS = YES;
				GENERATE_INFOPLIST_FILE = YES;
				"INFOPLIST_KEY_UIApplicationSceneManifest_Generation[sdk=iphoneos*]" = YES;
				"INFOPLIST_KEY_UIApplicationSceneManifest_Generation[sdk=iphonesimulator*]" = YES;
				"INFOPLIST_KEY_UIApplicationSupportsIndirectInputEvents[sdk=iphoneos*]" = YES;
				"INFOPLIST_KEY_UIApplicationSupportsIndirectInputEvents[sdk=iphonesimulator*]" = YES;
				"INFOPLIST_KEY_UILaunchScreen_Generation[sdk=iphoneos*]" = YES;
				"INFOPLIST_KEY_UILaunchScreen_Generation[sdk=iphonesimulator*]" = YES;
				"INFOPLIST_KEY_UIStatusBarStyle[sdk=iphoneos*]" = UIStatusBarStyleDefault;
				"INFOPLIST_KEY_UIStatusBarStyle[sdk=iphonesimulator*]" = UIStatusBarStyleDefault;
				INFOPLIST_KEY_UISupportedInterfaceOrientations_iPad = "UIInterfaceOrientationPortrait UIInterfaceOrientationPortraitUpsideDown UIInterfaceOrientationLandscapeLeft UIInterfaceOrientationLandscapeRight";
				INFOPLIST_KEY_UISupportedInterfaceOrientations_iPhone = "UIInterfaceOrientationPortrait UIInterfaceOrientationLandscapeLeft UIInterfaceOrientationLandscapeRight";
				IPHONEOS_DEPLOYMENT_TARGET = 17.2;
				LD_RUNPATH_SEARCH_PATHS = "@executable_path/Frameworks";
				"LD_RUNPATH_SEARCH_PATHS[sdk=macosx*]" = "@executable_path/../Frameworks";
				MACOSX_DEPLOYMENT_TARGET = 14.2;
				MARKETING_VERSION = 1.0;
				PRODUCT_BUNDLE_IDENTIFIER = com.youxel.DFComponents;
				PRODUCT_NAME = "$(TARGET_NAME)";
				SDKROOT = auto;
				SUPPORTED_PLATFORMS = "iphoneos iphonesimulator macosx";
				SWIFT_EMIT_LOC_STRINGS = YES;
				SWIFT_VERSION = 5.0;
				TARGETED_DEVICE_FAMILY = "1,2";
			};
			name = Release;
		};
		E4BBD00A2D4A24C3004AA735 /* Debug */ = {
			isa = XCBuildConfiguration;
			buildSettings = {
				ALWAYS_EMBED_SWIFT_STANDARD_LIBRARIES = YES;
				BUNDLE_LOADER = "$(TEST_HOST)";
				CODE_SIGN_STYLE = Automatic;
				CURRENT_PROJECT_VERSION = 1;
				DEVELOPMENT_TEAM = 95MM2PH5X4;
				GENERATE_INFOPLIST_FILE = YES;
				IPHONEOS_DEPLOYMENT_TARGET = 17.2;
				MACOSX_DEPLOYMENT_TARGET = 14.2;
				MARKETING_VERSION = 1.0;
				PRODUCT_BUNDLE_IDENTIFIER = com.youxel.DFComponentsTests;
				PRODUCT_NAME = "$(TARGET_NAME)";
				SDKROOT = auto;
				SUPPORTED_PLATFORMS = "iphoneos iphonesimulator macosx";
				SWIFT_EMIT_LOC_STRINGS = NO;
				SWIFT_VERSION = 5.0;
				TARGETED_DEVICE_FAMILY = "1,2";
				TEST_HOST = "$(BUILT_PRODUCTS_DIR)/DFComponents.app/$(BUNDLE_EXECUTABLE_FOLDER_PATH)/DFComponents";
			};
			name = Debug;
		};
		E4BBD00B2D4A24C3004AA735 /* Release */ = {
			isa = XCBuildConfiguration;
			buildSettings = {
				ALWAYS_EMBED_SWIFT_STANDARD_LIBRARIES = YES;
				BUNDLE_LOADER = "$(TEST_HOST)";
				CODE_SIGN_STYLE = Automatic;
				CURRENT_PROJECT_VERSION = 1;
				DEVELOPMENT_TEAM = 95MM2PH5X4;
				GENERATE_INFOPLIST_FILE = YES;
				IPHONEOS_DEPLOYMENT_TARGET = 17.2;
				MACOSX_DEPLOYMENT_TARGET = 14.2;
				MARKETING_VERSION = 1.0;
				PRODUCT_BUNDLE_IDENTIFIER = com.youxel.DFComponentsTests;
				PRODUCT_NAME = "$(TARGET_NAME)";
				SDKROOT = auto;
				SUPPORTED_PLATFORMS = "iphoneos iphonesimulator macosx";
				SWIFT_EMIT_LOC_STRINGS = NO;
				SWIFT_VERSION = 5.0;
				TARGETED_DEVICE_FAMILY = "1,2";
				TEST_HOST = "$(BUILT_PRODUCTS_DIR)/DFComponents.app/$(BUNDLE_EXECUTABLE_FOLDER_PATH)/DFComponents";
			};
			name = Release;
		};
		E4BBD00D2D4A24C3004AA735 /* Debug */ = {
			isa = XCBuildConfiguration;
			buildSettings = {
				ALWAYS_EMBED_SWIFT_STANDARD_LIBRARIES = YES;
				CODE_SIGN_STYLE = Automatic;
				CURRENT_PROJECT_VERSION = 1;
				DEVELOPMENT_TEAM = 95MM2PH5X4;
				GENERATE_INFOPLIST_FILE = YES;
				IPHONEOS_DEPLOYMENT_TARGET = 17.2;
				MACOSX_DEPLOYMENT_TARGET = 14.2;
				MARKETING_VERSION = 1.0;
				PRODUCT_BUNDLE_IDENTIFIER = com.youxel.DFComponentsUITests;
				PRODUCT_NAME = "$(TARGET_NAME)";
				SDKROOT = auto;
				SUPPORTED_PLATFORMS = "iphoneos iphonesimulator macosx";
				SWIFT_EMIT_LOC_STRINGS = NO;
				SWIFT_VERSION = 5.0;
				TARGETED_DEVICE_FAMILY = "1,2";
				TEST_TARGET_NAME = DFComponents;
			};
			name = Debug;
		};
		E4BBD00E2D4A24C3004AA735 /* Release */ = {
			isa = XCBuildConfiguration;
			buildSettings = {
				ALWAYS_EMBED_SWIFT_STANDARD_LIBRARIES = YES;
				CODE_SIGN_STYLE = Automatic;
				CURRENT_PROJECT_VERSION = 1;
				DEVELOPMENT_TEAM = 95MM2PH5X4;
				GENERATE_INFOPLIST_FILE = YES;
				IPHONEOS_DEPLOYMENT_TARGET = 17.2;
				MACOSX_DEPLOYMENT_TARGET = 14.2;
				MARKETING_VERSION = 1.0;
				PRODUCT_BUNDLE_IDENTIFIER = com.youxel.DFComponentsUITests;
				PRODUCT_NAME = "$(TARGET_NAME)";
				SDKROOT = auto;
				SUPPORTED_PLATFORMS = "iphoneos iphonesimulator macosx";
				SWIFT_EMIT_LOC_STRINGS = NO;
				SWIFT_VERSION = 5.0;
				TARGETED_DEVICE_FAMILY = "1,2";
				TEST_TARGET_NAME = DFComponents;
			};
			name = Release;
		};
/* End XCBuildConfiguration section */

/* Begin XCConfigurationList section */
		E4BBCFDC2D4A24BF004AA735 /* Build configuration list for PBXProject "DFComponents" */ = {
			isa = XCConfigurationList;
			buildConfigurations = (
				E4BBD0042D4A24C3004AA735 /* Debug */,
				E4BBD0052D4A24C3004AA735 /* Release */,
			);
			defaultConfigurationIsVisible = 0;
			defaultConfigurationName = Release;
		};
		E4BBD0062D4A24C3004AA735 /* Build configuration list for PBXNativeTarget "DFComponents" */ = {
			isa = XCConfigurationList;
			buildConfigurations = (
				E4BBD0072D4A24C3004AA735 /* Debug */,
				E4BBD0082D4A24C3004AA735 /* Release */,
			);
			defaultConfigurationIsVisible = 0;
			defaultConfigurationName = Release;
		};
		E4BBD0092D4A24C3004AA735 /* Build configuration list for PBXNativeTarget "DFComponentsTests" */ = {
			isa = XCConfigurationList;
			buildConfigurations = (
				E4BBD00A2D4A24C3004AA735 /* Debug */,
				E4BBD00B2D4A24C3004AA735 /* Release */,
			);
			defaultConfigurationIsVisible = 0;
			defaultConfigurationName = Release;
		};
		E4BBD00C2D4A24C3004AA735 /* Build configuration list for PBXNativeTarget "DFComponentsUITests" */ = {
			isa = XCConfigurationList;
			buildConfigurations = (
				E4BBD00D2D4A24C3004AA735 /* Debug */,
				E4BBD00E2D4A24C3004AA735 /* Release */,
			);
			defaultConfigurationIsVisible = 0;
			defaultConfigurationName = Release;
		};
/* End XCConfigurationList section */
	};
	rootObject = E4BBCFD92D4A24BF004AA735 /* Project object */;
}
