// !$*UTF8*$!
{
	archiveVersion = 1;
	classes = {
	};
	objectVersion = 56;
	objects = {

/* Begin PBXBuildFile section */
		04C1DE322D5DFA120034B704 /* AppearanceManager.swift in Sources */ = {isa = PBXBuildFile; fileRef = 04C1DE312D5DFA120034B704 /* AppearanceManager.swift */; };
		04C1DE352D5DFB970034B704 /* AppearanceSheetView.swift in Sources */ = {isa = PBXBuildFile; fileRef = 04C1DE342D5DFB970034B704 /* AppearanceSheetView.swift */; };
		04C1DE372D5DFBDC0034B704 /* AppearanceSelectionPicker.swift in Sources */ = {isa = PBXBuildFile; fileRef = 04C1DE362D5DFBDC0034B704 /* AppearanceSelectionPicker.swift */; };
		A9474BC52D5CE3CC00031047 /* NetworkClient.swift in Sources */ = {isa = PBXBuildFile; fileRef = A9474BC42D5CE3C900031047 /* NetworkClient.swift */; };
		A9474BC72D5CE3EA00031047 /* Interceptor.swift in Sources */ = {isa = PBXBuildFile; fileRef = A9474BC62D5CE3EA00031047 /* Interceptor.swift */; };
		A9474BC92D5CE42100031047 /* RequestModifier.swift in Sources */ = {isa = PBXBuildFile; fileRef = A9474BC82D5CE41C00031047 /* RequestModifier.swift */; };
		A9474BCB2D5CE44400031047 /* ResponseHandler.swift in Sources */ = {isa = PBXBuildFile; fileRef = A9474BCA2D5CE44100031047 /* ResponseHandler.swift */; };
		A9474BCD2D5CE49C00031047 /* NetworkError.swift in Sources */ = {isa = PBXBuildFile; fileRef = A9474BCC2D5CE49800031047 /* NetworkError.swift */; };
		A9474BCF2D5CE4E500031047 /* ContentType.swift in Sources */ = {isa = PBXBuildFile; fileRef = A9474BCE2D5CE4DE00031047 /* ContentType.swift */; };
		A9474BD42D5CE60300031047 /* FormRepo.swift in Sources */ = {isa = PBXBuildFile; fileRef = A9474BD32D5CE5FF00031047 /* FormRepo.swift */; };
		A9474BD62D5CEF7E00031047 /* GlobalErrorHandler.swift in Sources */ = {isa = PBXBuildFile; fileRef = A9474BD52D5CEF7600031047 /* GlobalErrorHandler.swift */; };
		A9474D762D649BFF00031047 /* form.json in Resources */ = {isa = PBXBuildFile; fileRef = A9474D752D649BFF00031047 /* form.json */; };
		A9474D782D649D2E00031047 /* android.json in Resources */ = {isa = PBXBuildFile; fileRef = A9474D772D649D2E00031047 /* android.json */; };
		A9474D7A2D64A97800031047 /* checkSurvey.json in Resources */ = {isa = PBXBuildFile; fileRef = A9474D792D64A97800031047 /* checkSurvey.json */; };
		A9474D7C2D64ACC200031047 /* APIResponse.swift in Sources */ = {isa = PBXBuildFile; fileRef = A9474D7B2D64ACBB00031047 /* APIResponse.swift */; };
		A9474D7E2D64AD7700031047 /* FieldRules.swift in Sources */ = {isa = PBXBuildFile; fileRef = A9474D7D2D64AD7700031047 /* FieldRules.swift */; };
		A9474D802D64AD8700031047 /* DefaultAnswer.swift in Sources */ = {isa = PBXBuildFile; fileRef = A9474D7F2D64AD8700031047 /* DefaultAnswer.swift */; };
		A9474D8D2D64B4AC00031047 /* FormField.swift in Sources */ = {isa = PBXBuildFile; fileRef = A9474D8C2D64B4A800031047 /* FormField.swift */; };
		A95D7A262D4B8127004FB6CA /* DateDTO.swift in Sources */ = {isa = PBXBuildFile; fileRef = A95D7A242D4B8127004FB6CA /* DateDTO.swift */; };
		A95D7A292D4B812E004FB6CA /* DateViewModel.swift in Sources */ = {isa = PBXBuildFile; fileRef = A95D7A272D4B812E004FB6CA /* DateViewModel.swift */; };
		A95D7A2C2D4B813D004FB6CA /* DateTimeView.swift in Sources */ = {isa = PBXBuildFile; fileRef = A95D7A2A2D4B813D004FB6CA /* DateTimeView.swift */; };
		A95D7A302D4B8B6F004FB6CA /* FormDTO.swift in Sources */ = {isa = PBXBuildFile; fileRef = A95D7A2F2D4B8B6C004FB6CA /* FormDTO.swift */; };
		A95D7A392D4BA59D004FB6CA /* ServicesListViewModel.swift in Sources */ = {isa = PBXBuildFile; fileRef = A95D7A362D4BA59D004FB6CA /* ServicesListViewModel.swift */; };
		A95D7A3A2D4BA59D004FB6CA /* ServicesListView.swift in Sources */ = {isa = PBXBuildFile; fileRef = A95D7A352D4BA59D004FB6CA /* ServicesListView.swift */; };
		A9BF45D52D50DB15003F2333 /* SliderDTO.swift in Sources */ = {isa = PBXBuildFile; fileRef = A9BF45D42D50DB0D003F2333 /* SliderDTO.swift */; };
		A9BF46942D53886A003F2333 /* ControlFormBuilderView.swift in Sources */ = {isa = PBXBuildFile; fileRef = A9BF46922D53886A003F2333 /* ControlFormBuilderView.swift */; };
		A9BF46972D53887B003F2333 /* DateRangePickerView.swift in Sources */ = {isa = PBXBuildFile; fileRef = A9BF46952D53887B003F2333 /* DateRangePickerView.swift */; };
		A9BF469D2D538893003F2333 /* SliderViewModel.swift in Sources */ = {isa = PBXBuildFile; fileRef = A9BF46982D538893003F2333 /* SliderViewModel.swift */; };
		A9BF469E2D538893003F2333 /* SliderView.swift in Sources */ = {isa = PBXBuildFile; fileRef = A9BF469A2D538893003F2333 /* SliderView.swift */; };
		A9BF46A22D538896003F2333 /* ImageFileView.swift in Sources */ = {isa = PBXBuildFile; fileRef = A9BF469F2D538896003F2333 /* ImageFileView.swift */; };
		A9BF46A52D538EC9003F2333 /* ComplicatedView.swift in Sources */ = {isa = PBXBuildFile; fileRef = A9BF46A42D538EC5003F2333 /* ComplicatedView.swift */; };
		A9BF46A72D53992A003F2333 /* CameraPicker.swift in Sources */ = {isa = PBXBuildFile; fileRef = A9BF46A62D539921003F2333 /* CameraPicker.swift */; };
		AA3F83AA2D4B7DDD00C7A6C0 /* CheckBoxDTO.swift in Sources */ = {isa = PBXBuildFile; fileRef = AA3F83A82D4B7DDD00C7A6C0 /* CheckBoxDTO.swift */; };
		AA84AE152D4B8BAF0057D161 /* ErrorMessageView.swift in Sources */ = {isa = PBXBuildFile; fileRef = AA84AE142D4B8BAF0057D161 /* ErrorMessageView.swift */; };
		AABE5E152D653EB900B26A18 /* FormViewModelContainer.swift in Sources */ = {isa = PBXBuildFile; fileRef = AABE5E142D653EB800B26A18 /* FormViewModelContainer.swift */; };
		AAD099692D5CC911007A6CE9 /* RulesControlsView.swift in Sources */ = {isa = PBXBuildFile; fileRef = AAD099682D5CC911007A6CE9 /* RulesControlsView.swift */; };
		AAD0996B2D5CCA23007A6CE9 /* RulesControlsViewModel.swift in Sources */ = {isa = PBXBuildFile; fileRef = AAD0996A2D5CCA23007A6CE9 /* RulesControlsViewModel.swift */; };
		AAD099722D5CF4C6007A6CE9 /* DisplayDataFormView.swift in Sources */ = {isa = PBXBuildFile; fileRef = AAD099712D5CF4C6007A6CE9 /* DisplayDataFormView.swift */; };
		AAD099752D5D3A53007A6CE9 /* FooterFormView.swift in Sources */ = {isa = PBXBuildFile; fileRef = AAD099742D5D3A53007A6CE9 /* FooterFormView.swift */; };
		AAD099772D5D3CCB007A6CE9 /* FormFieldView.swift in Sources */ = {isa = PBXBuildFile; fileRef = AAD099762D5D3CCB007A6CE9 /* FormFieldView.swift */; };
		AAD1E7C02D4B7F9400442BA4 /* RadioButtonDTO.swift in Sources */ = {isa = PBXBuildFile; fileRef = AAD1E7BF2D4B7F9400442BA4 /* RadioButtonDTO.swift */; };
		AAD562332D4AABD200C19A11 /* CheckBoxViewModel.swift in Sources */ = {isa = PBXBuildFile; fileRef = AAD562322D4AABD200C19A11 /* CheckBoxViewModel.swift */; };
		AAD562352D4AABE500C19A11 /* CheckBoxView.swift in Sources */ = {isa = PBXBuildFile; fileRef = AAD562342D4AABE500C19A11 /* CheckBoxView.swift */; };
		AAD562372D4AABF300C19A11 /* MultiChoiceQuestion.swift in Sources */ = {isa = PBXBuildFile; fileRef = AAD562362D4AABF300C19A11 /* MultiChoiceQuestion.swift */; };
		AAD5623A2D4AAC2700C19A11 /* CheckBoxStyle.swift in Sources */ = {isa = PBXBuildFile; fileRef = AAD562392D4AAC2700C19A11 /* CheckBoxStyle.swift */; };
		AAD964112D4AE3D300302958 /* ShowMoreButton.swift in Sources */ = {isa = PBXBuildFile; fileRef = AAD964102D4AE3D300302958 /* ShowMoreButton.swift */; };
		AAE5CA8C2D4A448B00FDA699 /* RadioButtonView.swift in Sources */ = {isa = PBXBuildFile; fileRef = AAE5CA8B2D4A448B00FDA699 /* RadioButtonView.swift */; };
		AAE5CA8F2D4A4D8D00FDA699 /* ImageExtension.swift in Sources */ = {isa = PBXBuildFile; fileRef = AAE5CA8E2D4A4D8D00FDA699 /* ImageExtension.swift */; };
		AAE5CABE2D4A50AD00FDA699 /* ViewExtenstion.swift in Sources */ = {isa = PBXBuildFile; fileRef = AAE5CABD2D4A50AD00FDA699 /* ViewExtenstion.swift */; };
		AAE5CAC42D4A561000FDA699 /* RadioButtonViewModel.swift in Sources */ = {isa = PBXBuildFile; fileRef = AAE5CAC32D4A561000FDA699 /* RadioButtonViewModel.swift */; };
		AAE5CAC62D4A61FD00FDA699 /* QuestionsRadioButton.swift in Sources */ = {isa = PBXBuildFile; fileRef = AAE5CAC52D4A61FD00FDA699 /* QuestionsRadioButton.swift */; };
		E44926C42D4B8AD200EA5D5E /* FormView.swift in Sources */ = {isa = PBXBuildFile; fileRef = E44926C32D4B8AD200EA5D5E /* FormView.swift */; };
		E44926C82D4B8B0D00EA5D5E /* FormViewModel.swift in Sources */ = {isa = PBXBuildFile; fileRef = E44926C72D4B8B0D00EA5D5E /* FormViewModel.swift */; };
		E489E8142D4A3B17007EA370 /* TextBoxComponent.swift in Sources */ = {isa = PBXBuildFile; fileRef = E489E8132D4A3B17007EA370 /* TextBoxComponent.swift */; };
		E489E8172D4A3B48007EA370 /* TextBoxDTO.swift in Sources */ = {isa = PBXBuildFile; fileRef = E489E8162D4A3B48007EA370 /* TextBoxDTO.swift */; };
		E489E81B2D4A4072007EA370 /* TextBoxViewModel.swift in Sources */ = {isa = PBXBuildFile; fileRef = E489E81A2D4A4072007EA370 /* TextBoxViewModel.swift */; };
		E489E81E2D4A6A15007EA370 /* ColorExtension.swift in Sources */ = {isa = PBXBuildFile; fileRef = E489E81D2D4A6A15007EA370 /* ColorExtension.swift */; };
		E489E8242D4B5BA0007EA370 /* CustomDropDownView.swift in Sources */ = {isa = PBXBuildFile; fileRef = E489E8232D4B5BA0007EA370 /* CustomDropDownView.swift */; };
		E48C9FEF2D5374A900A519ED /* MaskedTextField.swift in Sources */ = {isa = PBXBuildFile; fileRef = E48C9FEE2D5374A900A519ED /* MaskedTextField.swift */; };
		E48C9FFE2D5374D300A519ED /* AKMaskFieldBrackets.swift in Sources */ = {isa = PBXBuildFile; fileRef = E48C9FF42D5374D300A519ED /* AKMaskFieldBrackets.swift */; };
		E48C9FFF2D5374D300A519ED /* AKMaskFieldEvent.swift in Sources */ = {isa = PBXBuildFile; fileRef = E48C9FF52D5374D300A519ED /* AKMaskFieldEvent.swift */; };
		E48CA0002D5374D300A519ED /* AKMaskFieldBlock.swift in Sources */ = {isa = PBXBuildFile; fileRef = E48C9FF62D5374D300A519ED /* AKMaskFieldBlock.swift */; };
		E48CA0012D5374D300A519ED /* AKMaskField.swift in Sources */ = {isa = PBXBuildFile; fileRef = E48C9FF72D5374D300A519ED /* AKMaskField.swift */; };
		E48CA0022D5374D300A519ED /* AKMaskFieldUtility.swift in Sources */ = {isa = PBXBuildFile; fileRef = E48C9FF82D5374D300A519ED /* AKMaskFieldUtility.swift */; };
		E48CA0032D5374D300A519ED /* AKMaskFieldBlockCharacter.swift in Sources */ = {isa = PBXBuildFile; fileRef = E48C9FF92D5374D300A519ED /* AKMaskFieldBlockCharacter.swift */; };
		E48CA0042D5374D300A519ED /* AKMaskFieldPatternCharacter.swift in Sources */ = {isa = PBXBuildFile; fileRef = E48C9FFA2D5374D300A519ED /* AKMaskFieldPatternCharacter.swift */; };
		E48CA0052D5374D300A519ED /* AKMaskFieldStatus.swift in Sources */ = {isa = PBXBuildFile; fileRef = E48C9FFB2D5374D300A519ED /* AKMaskFieldStatus.swift */; };
		E48CA0132D537D5000A519ED /* SignatureDTO.swift in Sources */ = {isa = PBXBuildFile; fileRef = E48CA0122D537D5000A519ED /* SignatureDTO.swift */; };
		E48CA0192D537D7100A519ED /* SignatureCanvasView.swift in Sources */ = {isa = PBXBuildFile; fileRef = E48CA0152D537D7000A519ED /* SignatureCanvasView.swift */; };
		E48CA01A2D537D7100A519ED /* SignatureComponent.swift in Sources */ = {isa = PBXBuildFile; fileRef = E48CA0162D537D7000A519ED /* SignatureComponent.swift */; };
		E48CA01B2D537D7100A519ED /* SignatureViewModel.swift in Sources */ = {isa = PBXBuildFile; fileRef = E48CA0182D537D7000A519ED /* SignatureViewModel.swift */; };
		E48CA1122D5CC72300A519ED /* AppBorders.swift in Sources */ = {isa = PBXBuildFile; fileRef = E48CA1082D5CC72300A519ED /* AppBorders.swift */; };
		E48CA1132D5CC72300A519ED /* AppSpacing.swift in Sources */ = {isa = PBXBuildFile; fileRef = E48CA1092D5CC72300A519ED /* AppSpacing.swift */; };
		E48CA1142D5CC72300A519ED /* AppColors.swift in Sources */ = {isa = PBXBuildFile; fileRef = E48CA10A2D5CC72300A519ED /* AppColors.swift */; };
		E48CA1152D5CC72300A519ED /* AppFonts.swift in Sources */ = {isa = PBXBuildFile; fileRef = E48CA10B2D5CC72300A519ED /* AppFonts.swift */; };
		E48CA1162D5CC72300A519ED /* TextStyling.swift in Sources */ = {isa = PBXBuildFile; fileRef = E48CA10D2D5CC72300A519ED /* TextStyling.swift */; };
		E48CA1172D5CC72300A519ED /* BorderStyling.swift in Sources */ = {isa = PBXBuildFile; fileRef = E48CA10E2D5CC72300A519ED /* BorderStyling.swift */; };
		E48CA1182D5CC72300A519ED /* StyleManager.swift in Sources */ = {isa = PBXBuildFile; fileRef = E48CA1102D5CC72300A519ED /* StyleManager.swift */; };
		E48CA1192D5CC72300A519ED /* StyleManagerViewModel.swift in Sources */ = {isa = PBXBuildFile; fileRef = E48CA1112D5CC72300A519ED /* StyleManagerViewModel.swift */; };
		E4A9014A2D4BAD2C007080AC /* SplashView.swift in Sources */ = {isa = PBXBuildFile; fileRef = E4A901492D4BAD2C007080AC /* SplashView.swift */; };
		E4A901532D50DC07007080AC /* MapView.swift in Sources */ = {isa = PBXBuildFile; fileRef = E4A901522D50DC07007080AC /* MapView.swift */; };
		E4A901582D525BB2007080AC /* SectionView.swift in Sources */ = {isa = PBXBuildFile; fileRef = E4A901572D525BB2007080AC /* SectionView.swift */; };
		E4A9015A2D52C848007080AC /* SectionModel.swift in Sources */ = {isa = PBXBuildFile; fileRef = E4A901592D52C848007080AC /* SectionModel.swift */; };
		E4A9015C2D52CD73007080AC /* SectionViewModel.swift in Sources */ = {isa = PBXBuildFile; fileRef = E4A9015B2D52CD73007080AC /* SectionViewModel.swift */; };
		E4A901632D52D536007080AC /* StepView.swift in Sources */ = {isa = PBXBuildFile; fileRef = E4A901622D52D536007080AC /* StepView.swift */; };
		E4A9017E2D5CCE90007080AC /* RouterManager.swift in Sources */ = {isa = PBXBuildFile; fileRef = E4A9017D2D5CCE90007080AC /* RouterManager.swift */; };
		E4A9019D2D5E01E9007080AC /* Endpoint.swift in Sources */ = {isa = PBXBuildFile; fileRef = E4A901922D5E01E9007080AC /* Endpoint.swift */; };
		E4A9019E2D5E01E9007080AC /* NetworkServiceImpl.swift in Sources */ = {isa = PBXBuildFile; fileRef = E4A901942D5E01E9007080AC /* NetworkServiceImpl.swift */; };
		E4A9019F2D5E01E9007080AC /* Network.swift in Sources */ = {isa = PBXBuildFile; fileRef = E4A901952D5E01E9007080AC /* Network.swift */; };
		E4A901A12D5E01E9007080AC /* NetworkErrorHandling.swift in Sources */ = {isa = PBXBuildFile; fileRef = E4A901972D5E01E9007080AC /* NetworkErrorHandling.swift */; };
		E4A901A22D5E01E9007080AC /* AlamofireService.swift in Sources */ = {isa = PBXBuildFile; fileRef = E4A901982D5E01E9007080AC /* AlamofireService.swift */; };
		E4A901A32D5E01E9007080AC /* UserAuthoriationHandlerImpl.swift in Sources */ = {isa = PBXBuildFile; fileRef = E4A9019A2D5E01E9007080AC /* UserAuthoriationHandlerImpl.swift */; };
		E4A901A42D5E01E9007080AC /* AuthorizationHandler.swift in Sources */ = {isa = PBXBuildFile; fileRef = E4A9019B2D5E01E9007080AC /* AuthorizationHandler.swift */; };
		E4A901A52D5E01E9007080AC /* GuestAuthorizationImpl.swift in Sources */ = {isa = PBXBuildFile; fileRef = E4A9019C2D5E01E9007080AC /* GuestAuthorizationImpl.swift */; };
		E4A901A82D5E02D3007080AC /* KeychainSwift in Frameworks */ = {isa = PBXBuildFile; productRef = E4A901A72D5E02D3007080AC /* KeychainSwift */; };
		E4A901AE2D61CF07007080AC /* Alamofire in Frameworks */ = {isa = PBXBuildFile; productRef = E4A901AD2D61CF07007080AC /* Alamofire */; };
		E4BBCFE52D4A24BF004AA735 /* DFComponentsApp.swift in Sources */ = {isa = PBXBuildFile; fileRef = E4BBCFE42D4A24BF004AA735 /* DFComponentsApp.swift */; };
		E4BBCFE92D4A24C2004AA735 /* Assets.xcassets in Resources */ = {isa = PBXBuildFile; fileRef = E4BBCFE82D4A24C2004AA735 /* Assets.xcassets */; };
		E4BBCFED2D4A24C2004AA735 /* Preview Assets.xcassets in Resources */ = {isa = PBXBuildFile; fileRef = E4BBCFEC2D4A24C2004AA735 /* Preview Assets.xcassets */; };
		E4BBCFF72D4A24C3004AA735 /* DFComponentsTests.swift in Sources */ = {isa = PBXBuildFile; fileRef = E4BBCFF62D4A24C3004AA735 /* DFComponentsTests.swift */; };
		E4BBD0012D4A24C3004AA735 /* DFComponentsUITests.swift in Sources */ = {isa = PBXBuildFile; fileRef = E4BBD0002D4A24C3004AA735 /* DFComponentsUITests.swift */; };
		E4BBD0032D4A24C3004AA735 /* DFComponentsUITestsLaunchTests.swift in Sources */ = {isa = PBXBuildFile; fileRef = E4BBD0022D4A24C3004AA735 /* DFComponentsUITestsLaunchTests.swift */; };
		E4BBD01B2D4A2B24004AA735 /* README.md in Resources */ = {isa = PBXBuildFile; fileRef = E4BBD01A2D4A2B24004AA735 /* README.md */; };
		E4BBD01E2D4A47BD004AA735 /* DropDownView.swift in Sources */ = {isa = PBXBuildFile; fileRef = E4BBD01D2D4A47BD004AA735 /* DropDownView.swift */; };
		E4BBD0202D4A49BC004AA735 /* SearchBarView.swift in Sources */ = {isa = PBXBuildFile; fileRef = E4BBD01F2D4A49BC004AA735 /* SearchBarView.swift */; };
		E4BBD0232D4A4A29004AA735 /* DropDownViewModel.swift in Sources */ = {isa = PBXBuildFile; fileRef = E4BBD0222D4A4A29004AA735 /* DropDownViewModel.swift */; };
		E4BBD0272D4A4A7F004AA735 /* CountryDTO.swift in Sources */ = {isa = PBXBuildFile; fileRef = E4BBD0262D4A4A7F004AA735 /* CountryDTO.swift */; };
/* End PBXBuildFile section */

/* Begin PBXContainerItemProxy section */
		E4BBCFF32D4A24C3004AA735 /* PBXContainerItemProxy */ = {
			isa = PBXContainerItemProxy;
			containerPortal = E4BBCFD92D4A24BF004AA735 /* Project object */;
			proxyType = 1;
			remoteGlobalIDString = E4BBCFE02D4A24BF004AA735;
			remoteInfo = DFComponents;
		};
		E4BBCFFD2D4A24C3004AA735 /* PBXContainerItemProxy */ = {
			isa = PBXContainerItemProxy;
			containerPortal = E4BBCFD92D4A24BF004AA735 /* Project object */;
			proxyType = 1;
			remoteGlobalIDString = E4BBCFE02D4A24BF004AA735;
			remoteInfo = DFComponents;
		};
/* End PBXContainerItemProxy section */

/* Begin PBXFileReference section */
		04C1DE312D5DFA120034B704 /* AppearanceManager.swift */ = {isa = PBXFileReference; lastKnownFileType = sourcecode.swift; path = AppearanceManager.swift; sourceTree = "<group>"; };
		04C1DE342D5DFB970034B704 /* AppearanceSheetView.swift */ = {isa = PBXFileReference; lastKnownFileType = sourcecode.swift; path = AppearanceSheetView.swift; sourceTree = "<group>"; };
		04C1DE362D5DFBDC0034B704 /* AppearanceSelectionPicker.swift */ = {isa = PBXFileReference; lastKnownFileType = sourcecode.swift; path = AppearanceSelectionPicker.swift; sourceTree = "<group>"; };
		A9474BC42D5CE3C900031047 /* NetworkClient.swift */ = {isa = PBXFileReference; lastKnownFileType = sourcecode.swift; path = NetworkClient.swift; sourceTree = "<group>"; };
		A9474BC62D5CE3EA00031047 /* Interceptor.swift */ = {isa = PBXFileReference; lastKnownFileType = sourcecode.swift; path = Interceptor.swift; sourceTree = "<group>"; };
		A9474BC82D5CE41C00031047 /* RequestModifier.swift */ = {isa = PBXFileReference; lastKnownFileType = sourcecode.swift; path = RequestModifier.swift; sourceTree = "<group>"; };
		A9474BCA2D5CE44100031047 /* ResponseHandler.swift */ = {isa = PBXFileReference; lastKnownFileType = sourcecode.swift; path = ResponseHandler.swift; sourceTree = "<group>"; };
		A9474BCC2D5CE49800031047 /* NetworkError.swift */ = {isa = PBXFileReference; lastKnownFileType = sourcecode.swift; path = NetworkError.swift; sourceTree = "<group>"; };
		A9474BCE2D5CE4DE00031047 /* ContentType.swift */ = {isa = PBXFileReference; lastKnownFileType = sourcecode.swift; path = ContentType.swift; sourceTree = "<group>"; };
		A9474BD32D5CE5FF00031047 /* FormRepo.swift */ = {isa = PBXFileReference; lastKnownFileType = sourcecode.swift; path = FormRepo.swift; sourceTree = "<group>"; };
		A9474BD52D5CEF7600031047 /* GlobalErrorHandler.swift */ = {isa = PBXFileReference; lastKnownFileType = sourcecode.swift; path = GlobalErrorHandler.swift; sourceTree = "<group>"; };
		A9474D752D649BFF00031047 /* form.json */ = {isa = PBXFileReference; lastKnownFileType = text.json; path = form.json; sourceTree = "<group>"; };
		A9474D772D649D2E00031047 /* android.json */ = {isa = PBXFileReference; lastKnownFileType = text.json; path = android.json; sourceTree = "<group>"; };
		A9474D792D64A97800031047 /* checkSurvey.json */ = {isa = PBXFileReference; lastKnownFileType = text.json; path = checkSurvey.json; sourceTree = "<group>"; };
		A9474D7B2D64ACBB00031047 /* APIResponse.swift */ = {isa = PBXFileReference; lastKnownFileType = sourcecode.swift; path = APIResponse.swift; sourceTree = "<group>"; };
		A9474D7D2D64AD7700031047 /* FieldRules.swift */ = {isa = PBXFileReference; lastKnownFileType = sourcecode.swift; path = FieldRules.swift; sourceTree = "<group>"; };
		A9474D7F2D64AD8700031047 /* DefaultAnswer.swift */ = {isa = PBXFileReference; lastKnownFileType = sourcecode.swift; path = DefaultAnswer.swift; sourceTree = "<group>"; };
		A9474D8C2D64B4A800031047 /* FormField.swift */ = {isa = PBXFileReference; lastKnownFileType = sourcecode.swift; path = FormField.swift; sourceTree = "<group>"; };
		A95D7A1C2D4A8AC4004FB6CA /* DateTimeView.swift */ = {isa = PBXFileReference; lastKnownFileType = sourcecode.swift; path = DateTimeView.swift; sourceTree = "<group>"; };
		A95D7A1E2D4A8ACB004FB6CA /* DateViewModel.swift */ = {isa = PBXFileReference; lastKnownFileType = sourcecode.swift; path = DateViewModel.swift; sourceTree = "<group>"; };
		A95D7A202D4A8AD1004FB6CA /* DateModel.swift */ = {isa = PBXFileReference; lastKnownFileType = sourcecode.swift; path = DateModel.swift; sourceTree = "<group>"; };
		A95D7A242D4B8127004FB6CA /* DateDTO.swift */ = {isa = PBXFileReference; lastKnownFileType = sourcecode.swift; path = DateDTO.swift; sourceTree = "<group>"; };
		A95D7A272D4B812E004FB6CA /* DateViewModel.swift */ = {isa = PBXFileReference; lastKnownFileType = sourcecode.swift; path = DateViewModel.swift; sourceTree = "<group>"; };
		A95D7A2A2D4B813D004FB6CA /* DateTimeView.swift */ = {isa = PBXFileReference; lastKnownFileType = sourcecode.swift; path = DateTimeView.swift; sourceTree = "<group>"; };
		A95D7A2F2D4B8B6C004FB6CA /* FormDTO.swift */ = {isa = PBXFileReference; lastKnownFileType = sourcecode.swift; path = FormDTO.swift; sourceTree = "<group>"; };
		A95D7A352D4BA59D004FB6CA /* ServicesListView.swift */ = {isa = PBXFileReference; lastKnownFileType = sourcecode.swift; path = ServicesListView.swift; sourceTree = "<group>"; };
		A95D7A362D4BA59D004FB6CA /* ServicesListViewModel.swift */ = {isa = PBXFileReference; lastKnownFileType = sourcecode.swift; path = ServicesListViewModel.swift; sourceTree = "<group>"; };
		A9BF45D42D50DB0D003F2333 /* SliderDTO.swift */ = {isa = PBXFileReference; lastKnownFileType = sourcecode.swift; path = SliderDTO.swift; sourceTree = "<group>"; };
		A9BF46922D53886A003F2333 /* ControlFormBuilderView.swift */ = {isa = PBXFileReference; lastKnownFileType = sourcecode.swift; path = ControlFormBuilderView.swift; sourceTree = "<group>"; };
		A9BF46952D53887B003F2333 /* DateRangePickerView.swift */ = {isa = PBXFileReference; lastKnownFileType = sourcecode.swift; path = DateRangePickerView.swift; sourceTree = "<group>"; };
		A9BF46982D538893003F2333 /* SliderViewModel.swift */ = {isa = PBXFileReference; lastKnownFileType = sourcecode.swift; path = SliderViewModel.swift; sourceTree = "<group>"; };
		A9BF469A2D538893003F2333 /* SliderView.swift */ = {isa = PBXFileReference; lastKnownFileType = sourcecode.swift; path = SliderView.swift; sourceTree = "<group>"; };
		A9BF469F2D538896003F2333 /* ImageFileView.swift */ = {isa = PBXFileReference; lastKnownFileType = sourcecode.swift; path = ImageFileView.swift; sourceTree = "<group>"; };
		A9BF46A42D538EC5003F2333 /* ComplicatedView.swift */ = {isa = PBXFileReference; lastKnownFileType = sourcecode.swift; path = ComplicatedView.swift; sourceTree = "<group>"; };
		A9BF46A62D539921003F2333 /* CameraPicker.swift */ = {isa = PBXFileReference; lastKnownFileType = sourcecode.swift; path = CameraPicker.swift; sourceTree = "<group>"; };
		AA3F83A82D4B7DDD00C7A6C0 /* CheckBoxDTO.swift */ = {isa = PBXFileReference; lastKnownFileType = sourcecode.swift; path = CheckBoxDTO.swift; sourceTree = "<group>"; };
		AA84AE142D4B8BAF0057D161 /* ErrorMessageView.swift */ = {isa = PBXFileReference; lastKnownFileType = sourcecode.swift; path = ErrorMessageView.swift; sourceTree = "<group>"; };
		AABE5E142D653EB800B26A18 /* FormViewModelContainer.swift */ = {isa = PBXFileReference; lastKnownFileType = sourcecode.swift; path = FormViewModelContainer.swift; sourceTree = "<group>"; };
		AAD099682D5CC911007A6CE9 /* RulesControlsView.swift */ = {isa = PBXFileReference; lastKnownFileType = sourcecode.swift; path = RulesControlsView.swift; sourceTree = "<group>"; };
		AAD0996A2D5CCA23007A6CE9 /* RulesControlsViewModel.swift */ = {isa = PBXFileReference; lastKnownFileType = sourcecode.swift; path = RulesControlsViewModel.swift; sourceTree = "<group>"; };
		AAD099712D5CF4C6007A6CE9 /* DisplayDataFormView.swift */ = {isa = PBXFileReference; lastKnownFileType = sourcecode.swift; path = DisplayDataFormView.swift; sourceTree = "<group>"; };
		AAD099742D5D3A53007A6CE9 /* FooterFormView.swift */ = {isa = PBXFileReference; lastKnownFileType = sourcecode.swift; path = FooterFormView.swift; sourceTree = "<group>"; };
		AAD099762D5D3CCB007A6CE9 /* FormFieldView.swift */ = {isa = PBXFileReference; lastKnownFileType = sourcecode.swift; path = FormFieldView.swift; sourceTree = "<group>"; };
		AAD1E7BF2D4B7F9400442BA4 /* RadioButtonDTO.swift */ = {isa = PBXFileReference; lastKnownFileType = sourcecode.swift; path = RadioButtonDTO.swift; sourceTree = "<group>"; };
		AAD562322D4AABD200C19A11 /* CheckBoxViewModel.swift */ = {isa = PBXFileReference; lastKnownFileType = sourcecode.swift; path = CheckBoxViewModel.swift; sourceTree = "<group>"; };
		AAD562342D4AABE500C19A11 /* CheckBoxView.swift */ = {isa = PBXFileReference; lastKnownFileType = sourcecode.swift; path = CheckBoxView.swift; sourceTree = "<group>"; };
		AAD562362D4AABF300C19A11 /* MultiChoiceQuestion.swift */ = {isa = PBXFileReference; lastKnownFileType = sourcecode.swift; path = MultiChoiceQuestion.swift; sourceTree = "<group>"; };
		AAD562392D4AAC2700C19A11 /* CheckBoxStyle.swift */ = {isa = PBXFileReference; lastKnownFileType = sourcecode.swift; path = CheckBoxStyle.swift; sourceTree = "<group>"; };
		AAD964102D4AE3D300302958 /* ShowMoreButton.swift */ = {isa = PBXFileReference; lastKnownFileType = sourcecode.swift; path = ShowMoreButton.swift; sourceTree = "<group>"; };
		AAE5CA8B2D4A448B00FDA699 /* RadioButtonView.swift */ = {isa = PBXFileReference; lastKnownFileType = sourcecode.swift; path = RadioButtonView.swift; sourceTree = "<group>"; };
		AAE5CA8E2D4A4D8D00FDA699 /* ImageExtension.swift */ = {isa = PBXFileReference; lastKnownFileType = sourcecode.swift; path = ImageExtension.swift; sourceTree = "<group>"; };
		AAE5CABD2D4A50AD00FDA699 /* ViewExtenstion.swift */ = {isa = PBXFileReference; lastKnownFileType = sourcecode.swift; path = ViewExtenstion.swift; sourceTree = "<group>"; };
		AAE5CAC32D4A561000FDA699 /* RadioButtonViewModel.swift */ = {isa = PBXFileReference; lastKnownFileType = sourcecode.swift; path = RadioButtonViewModel.swift; sourceTree = "<group>"; };
		AAE5CAC52D4A61FD00FDA699 /* QuestionsRadioButton.swift */ = {isa = PBXFileReference; lastKnownFileType = sourcecode.swift; path = QuestionsRadioButton.swift; sourceTree = "<group>"; };
		E44926C32D4B8AD200EA5D5E /* FormView.swift */ = {isa = PBXFileReference; lastKnownFileType = sourcecode.swift; path = FormView.swift; sourceTree = "<group>"; };
		E44926C72D4B8B0D00EA5D5E /* FormViewModel.swift */ = {isa = PBXFileReference; lastKnownFileType = sourcecode.swift; path = FormViewModel.swift; sourceTree = "<group>"; };
		E489E8132D4A3B17007EA370 /* TextBoxComponent.swift */ = {isa = PBXFileReference; fileEncoding = 4; lastKnownFileType = sourcecode.swift; path = TextBoxComponent.swift; sourceTree = "<group>"; };
		E489E8162D4A3B48007EA370 /* TextBoxDTO.swift */ = {isa = PBXFileReference; fileEncoding = 4; lastKnownFileType = sourcecode.swift; path = TextBoxDTO.swift; sourceTree = "<group>"; };
		E489E81A2D4A4072007EA370 /* TextBoxViewModel.swift */ = {isa = PBXFileReference; lastKnownFileType = sourcecode.swift; path = TextBoxViewModel.swift; sourceTree = "<group>"; };
		E489E81D2D4A6A15007EA370 /* ColorExtension.swift */ = {isa = PBXFileReference; lastKnownFileType = sourcecode.swift; path = ColorExtension.swift; sourceTree = "<group>"; };
		E489E8232D4B5BA0007EA370 /* CustomDropDownView.swift */ = {isa = PBXFileReference; lastKnownFileType = sourcecode.swift; path = CustomDropDownView.swift; sourceTree = "<group>"; };
		E48C9FEE2D5374A900A519ED /* MaskedTextField.swift */ = {isa = PBXFileReference; lastKnownFileType = sourcecode.swift; path = MaskedTextField.swift; sourceTree = "<group>"; };
		E48C9FF42D5374D300A519ED /* AKMaskFieldBrackets.swift */ = {isa = PBXFileReference; fileEncoding = 4; lastKnownFileType = sourcecode.swift; path = AKMaskFieldBrackets.swift; sourceTree = "<group>"; };
		E48C9FF52D5374D300A519ED /* AKMaskFieldEvent.swift */ = {isa = PBXFileReference; fileEncoding = 4; lastKnownFileType = sourcecode.swift; path = AKMaskFieldEvent.swift; sourceTree = "<group>"; };
		E48C9FF62D5374D300A519ED /* AKMaskFieldBlock.swift */ = {isa = PBXFileReference; fileEncoding = 4; lastKnownFileType = sourcecode.swift; path = AKMaskFieldBlock.swift; sourceTree = "<group>"; };
		E48C9FF72D5374D300A519ED /* AKMaskField.swift */ = {isa = PBXFileReference; fileEncoding = 4; lastKnownFileType = sourcecode.swift; path = AKMaskField.swift; sourceTree = "<group>"; };
		E48C9FF82D5374D300A519ED /* AKMaskFieldUtility.swift */ = {isa = PBXFileReference; fileEncoding = 4; lastKnownFileType = sourcecode.swift; path = AKMaskFieldUtility.swift; sourceTree = "<group>"; };
		E48C9FF92D5374D300A519ED /* AKMaskFieldBlockCharacter.swift */ = {isa = PBXFileReference; fileEncoding = 4; lastKnownFileType = sourcecode.swift; path = AKMaskFieldBlockCharacter.swift; sourceTree = "<group>"; };
		E48C9FFA2D5374D300A519ED /* AKMaskFieldPatternCharacter.swift */ = {isa = PBXFileReference; fileEncoding = 4; lastKnownFileType = sourcecode.swift; path = AKMaskFieldPatternCharacter.swift; sourceTree = "<group>"; };
		E48C9FFB2D5374D300A519ED /* AKMaskFieldStatus.swift */ = {isa = PBXFileReference; fileEncoding = 4; lastKnownFileType = sourcecode.swift; path = AKMaskFieldStatus.swift; sourceTree = "<group>"; };
		E48CA0122D537D5000A519ED /* SignatureDTO.swift */ = {isa = PBXFileReference; fileEncoding = 4; lastKnownFileType = sourcecode.swift; path = SignatureDTO.swift; sourceTree = "<group>"; };
		E48CA0152D537D7000A519ED /* SignatureCanvasView.swift */ = {isa = PBXFileReference; fileEncoding = 4; lastKnownFileType = sourcecode.swift; path = SignatureCanvasView.swift; sourceTree = "<group>"; };
		E48CA0162D537D7000A519ED /* SignatureComponent.swift */ = {isa = PBXFileReference; fileEncoding = 4; lastKnownFileType = sourcecode.swift; path = SignatureComponent.swift; sourceTree = "<group>"; };
		E48CA0182D537D7000A519ED /* SignatureViewModel.swift */ = {isa = PBXFileReference; fileEncoding = 4; lastKnownFileType = sourcecode.swift; path = SignatureViewModel.swift; sourceTree = "<group>"; };
		E48CA1082D5CC72300A519ED /* AppBorders.swift */ = {isa = PBXFileReference; fileEncoding = 4; lastKnownFileType = sourcecode.swift; path = AppBorders.swift; sourceTree = "<group>"; };
		E48CA1092D5CC72300A519ED /* AppSpacing.swift */ = {isa = PBXFileReference; fileEncoding = 4; lastKnownFileType = sourcecode.swift; path = AppSpacing.swift; sourceTree = "<group>"; };
		E48CA10A2D5CC72300A519ED /* AppColors.swift */ = {isa = PBXFileReference; fileEncoding = 4; lastKnownFileType = sourcecode.swift; path = AppColors.swift; sourceTree = "<group>"; };
		E48CA10B2D5CC72300A519ED /* AppFonts.swift */ = {isa = PBXFileReference; fileEncoding = 4; lastKnownFileType = sourcecode.swift; path = AppFonts.swift; sourceTree = "<group>"; };
		E48CA10D2D5CC72300A519ED /* TextStyling.swift */ = {isa = PBXFileReference; fileEncoding = 4; lastKnownFileType = sourcecode.swift; path = TextStyling.swift; sourceTree = "<group>"; };
		E48CA10E2D5CC72300A519ED /* BorderStyling.swift */ = {isa = PBXFileReference; fileEncoding = 4; lastKnownFileType = sourcecode.swift; path = BorderStyling.swift; sourceTree = "<group>"; };
		E48CA1102D5CC72300A519ED /* StyleManager.swift */ = {isa = PBXFileReference; fileEncoding = 4; lastKnownFileType = sourcecode.swift; path = StyleManager.swift; sourceTree = "<group>"; };
		E48CA1112D5CC72300A519ED /* StyleManagerViewModel.swift */ = {isa = PBXFileReference; fileEncoding = 4; lastKnownFileType = sourcecode.swift; path = StyleManagerViewModel.swift; sourceTree = "<group>"; };
		E4A901492D4BAD2C007080AC /* SplashView.swift */ = {isa = PBXFileReference; fileEncoding = 4; lastKnownFileType = sourcecode.swift; path = SplashView.swift; sourceTree = "<group>"; };
		E4A901522D50DC07007080AC /* MapView.swift */ = {isa = PBXFileReference; lastKnownFileType = sourcecode.swift; path = MapView.swift; sourceTree = "<group>"; };
		E4A901572D525BB2007080AC /* SectionView.swift */ = {isa = PBXFileReference; lastKnownFileType = sourcecode.swift; path = SectionView.swift; sourceTree = "<group>"; };
		E4A901592D52C848007080AC /* SectionModel.swift */ = {isa = PBXFileReference; lastKnownFileType = sourcecode.swift; path = SectionModel.swift; sourceTree = "<group>"; };
		E4A9015B2D52CD73007080AC /* SectionViewModel.swift */ = {isa = PBXFileReference; lastKnownFileType = sourcecode.swift; path = SectionViewModel.swift; sourceTree = "<group>"; };
		E4A901622D52D536007080AC /* StepView.swift */ = {isa = PBXFileReference; lastKnownFileType = sourcecode.swift; path = StepView.swift; sourceTree = "<group>"; };
		E4A9017D2D5CCE90007080AC /* RouterManager.swift */ = {isa = PBXFileReference; fileEncoding = 4; lastKnownFileType = sourcecode.swift; path = RouterManager.swift; sourceTree = "<group>"; };
		E4A901922D5E01E9007080AC /* Endpoint.swift */ = {isa = PBXFileReference; fileEncoding = 4; lastKnownFileType = sourcecode.swift; path = Endpoint.swift; sourceTree = "<group>"; };
		E4A901942D5E01E9007080AC /* NetworkServiceImpl.swift */ = {isa = PBXFileReference; fileEncoding = 4; lastKnownFileType = sourcecode.swift; path = NetworkServiceImpl.swift; sourceTree = "<group>"; };
		E4A901952D5E01E9007080AC /* Network.swift */ = {isa = PBXFileReference; fileEncoding = 4; lastKnownFileType = sourcecode.swift; path = Network.swift; sourceTree = "<group>"; };
		E4A901972D5E01E9007080AC /* NetworkErrorHandling.swift */ = {isa = PBXFileReference; fileEncoding = 4; lastKnownFileType = sourcecode.swift; path = NetworkErrorHandling.swift; sourceTree = "<group>"; };
		E4A901982D5E01E9007080AC /* AlamofireService.swift */ = {isa = PBXFileReference; fileEncoding = 4; lastKnownFileType = sourcecode.swift; path = AlamofireService.swift; sourceTree = "<group>"; };
		E4A9019A2D5E01E9007080AC /* UserAuthoriationHandlerImpl.swift */ = {isa = PBXFileReference; fileEncoding = 4; lastKnownFileType = sourcecode.swift; path = UserAuthoriationHandlerImpl.swift; sourceTree = "<group>"; };
		E4A9019B2D5E01E9007080AC /* AuthorizationHandler.swift */ = {isa = PBXFileReference; fileEncoding = 4; lastKnownFileType = sourcecode.swift; path = AuthorizationHandler.swift; sourceTree = "<group>"; };
		E4A9019C2D5E01E9007080AC /* GuestAuthorizationImpl.swift */ = {isa = PBXFileReference; fileEncoding = 4; lastKnownFileType = sourcecode.swift; path = GuestAuthorizationImpl.swift; sourceTree = "<group>"; };
		E4BBCFE12D4A24BF004AA735 /* DFComponents.app */ = {isa = PBXFileReference; explicitFileType = wrapper.application; includeInIndex = 0; path = DFComponents.app; sourceTree = BUILT_PRODUCTS_DIR; };
		E4BBCFE42D4A24BF004AA735 /* DFComponentsApp.swift */ = {isa = PBXFileReference; lastKnownFileType = sourcecode.swift; path = DFComponentsApp.swift; sourceTree = "<group>"; };
		E4BBCFE82D4A24C2004AA735 /* Assets.xcassets */ = {isa = PBXFileReference; lastKnownFileType = folder.assetcatalog; path = Assets.xcassets; sourceTree = "<group>"; };
		E4BBCFEA2D4A24C2004AA735 /* DFComponents.entitlements */ = {isa = PBXFileReference; lastKnownFileType = text.plist.entitlements; path = DFComponents.entitlements; sourceTree = "<group>"; };
		E4BBCFEC2D4A24C2004AA735 /* Preview Assets.xcassets */ = {isa = PBXFileReference; lastKnownFileType = folder.assetcatalog; path = "Preview Assets.xcassets"; sourceTree = "<group>"; };
		E4BBCFF22D4A24C3004AA735 /* DFComponentsTests.xctest */ = {isa = PBXFileReference; explicitFileType = wrapper.cfbundle; includeInIndex = 0; path = DFComponentsTests.xctest; sourceTree = BUILT_PRODUCTS_DIR; };
		E4BBCFF62D4A24C3004AA735 /* DFComponentsTests.swift */ = {isa = PBXFileReference; lastKnownFileType = sourcecode.swift; path = DFComponentsTests.swift; sourceTree = "<group>"; };
		E4BBCFFC2D4A24C3004AA735 /* DFComponentsUITests.xctest */ = {isa = PBXFileReference; explicitFileType = wrapper.cfbundle; includeInIndex = 0; path = DFComponentsUITests.xctest; sourceTree = BUILT_PRODUCTS_DIR; };
		E4BBD0002D4A24C3004AA735 /* DFComponentsUITests.swift */ = {isa = PBXFileReference; lastKnownFileType = sourcecode.swift; path = DFComponentsUITests.swift; sourceTree = "<group>"; };
		E4BBD0022D4A24C3004AA735 /* DFComponentsUITestsLaunchTests.swift */ = {isa = PBXFileReference; lastKnownFileType = sourcecode.swift; path = DFComponentsUITestsLaunchTests.swift; sourceTree = "<group>"; };
		E4BBD01A2D4A2B24004AA735 /* README.md */ = {isa = PBXFileReference; lastKnownFileType = net.daringfireball.markdown; path = README.md; sourceTree = "<group>"; };
		E4BBD01D2D4A47BD004AA735 /* DropDownView.swift */ = {isa = PBXFileReference; lastKnownFileType = sourcecode.swift; path = DropDownView.swift; sourceTree = "<group>"; };
		E4BBD01F2D4A49BC004AA735 /* SearchBarView.swift */ = {isa = PBXFileReference; fileEncoding = 4; lastKnownFileType = sourcecode.swift; path = SearchBarView.swift; sourceTree = "<group>"; };
		E4BBD0222D4A4A29004AA735 /* DropDownViewModel.swift */ = {isa = PBXFileReference; fileEncoding = 4; lastKnownFileType = sourcecode.swift; path = DropDownViewModel.swift; sourceTree = "<group>"; };
		E4BBD0262D4A4A7F004AA735 /* CountryDTO.swift */ = {isa = PBXFileReference; fileEncoding = 4; lastKnownFileType = sourcecode.swift; path = CountryDTO.swift; sourceTree = "<group>"; };
/* End PBXFileReference section */

/* Begin PBXFrameworksBuildPhase section */
		E4BBCFDE2D4A24BF004AA735 /* Frameworks */ = {
			isa = PBXFrameworksBuildPhase;
			buildActionMask = 2147483647;
			files = (
				E4A901A82D5E02D3007080AC /* KeychainSwift in Frameworks */,
				E4A901AE2D61CF07007080AC /* Alamofire in Frameworks */,
			);
			runOnlyForDeploymentPostprocessing = 0;
		};
		E4BBCFEF2D4A24C3004AA735 /* Frameworks */ = {
			isa = PBXFrameworksBuildPhase;
			buildActionMask = 2147483647;
			files = (
			);
			runOnlyForDeploymentPostprocessing = 0;
		};
		E4BBCFF92D4A24C3004AA735 /* Frameworks */ = {
			isa = PBXFrameworksBuildPhase;
			buildActionMask = 2147483647;
			files = (
			);
			runOnlyForDeploymentPostprocessing = 0;
		};
/* End PBXFrameworksBuildPhase section */

/* Begin PBXGroup section */
		04C1DE332D5DFB750034B704 /* Appearance */ = {
			isa = PBXGroup;
			children = (
				04C1DE342D5DFB970034B704 /* AppearanceSheetView.swift */,
				04C1DE362D5DFBDC0034B704 /* AppearanceSelectionPicker.swift */,
			);
			path = Appearance;
			sourceTree = "<group>";
		};
		A9474BB02D5CE3AB00031047 /* Network */ = {
			isa = PBXGroup;
			children = (
				A9474BC42D5CE3C900031047 /* NetworkClient.swift */,
				A9474BCC2D5CE49800031047 /* NetworkError.swift */,
				A9474BCE2D5CE4DE00031047 /* ContentType.swift */,
				A9474BC62D5CE3EA00031047 /* Interceptor.swift */,
				A9474BC82D5CE41C00031047 /* RequestModifier.swift */,
				A9474BCA2D5CE44100031047 /* ResponseHandler.swift */,
				A9474BD52D5CEF7600031047 /* GlobalErrorHandler.swift */,
			);
			path = Network;
			sourceTree = "<group>";
		};
		A9474BD22D5CE5F800031047 /* Repository */ = {
			isa = PBXGroup;
			children = (
				A9474BD32D5CE5FF00031047 /* FormRepo.swift */,
			);
			path = Repository;
			sourceTree = "<group>";
		};
		A9474D882D64B48100031047 /* Domain */ = {
			isa = PBXGroup;
			children = (
				A9474D892D64B48600031047 /* Mappers */,
				A9474D8A2D64B48D00031047 /* Entities */,
				A9474D8B2D64B49200031047 /* UseCase */,
			);
			path = Domain;
			sourceTree = "<group>";
		};
		A9474D892D64B48600031047 /* Mappers */ = {
			isa = PBXGroup;
			children = (
			);
			path = Mappers;
			sourceTree = "<group>";
		};
		A9474D8A2D64B48D00031047 /* Entities */ = {
			isa = PBXGroup;
			children = (
				A9474D8C2D64B4A800031047 /* FormField.swift */,
			);
			path = Entities;
			sourceTree = "<group>";
		};
		A9474D8B2D64B49200031047 /* UseCase */ = {
			isa = PBXGroup;
			children = (
			);
			path = UseCase;
			sourceTree = "<group>";
		};
		A95D7A222D4B80D0004FB6CA /* Recovered References */ = {
			isa = PBXGroup;
			children = (
				A95D7A202D4A8AD1004FB6CA /* DateModel.swift */,
				A95D7A1E2D4A8ACB004FB6CA /* DateViewModel.swift */,
				A95D7A1C2D4A8AC4004FB6CA /* DateTimeView.swift */,
			);
			name = "Recovered References";
			sourceTree = "<group>";
		};
		A95D7A232D4B8110004FB6CA /* DateComponent */ = {
			isa = PBXGroup;
			children = (
				A95D7A282D4B812E004FB6CA /* ViewModel */,
				A95D7A2B2D4B813D004FB6CA /* Views */,
			);
			path = DateComponent;
			sourceTree = "<group>";
		};
		A95D7A282D4B812E004FB6CA /* ViewModel */ = {
			isa = PBXGroup;
			children = (
				A95D7A272D4B812E004FB6CA /* DateViewModel.swift */,
			);
			path = ViewModel;
			sourceTree = "<group>";
		};
		A95D7A2B2D4B813D004FB6CA /* Views */ = {
			isa = PBXGroup;
			children = (
				A95D7A2A2D4B813D004FB6CA /* DateTimeView.swift */,
			);
			path = Views;
			sourceTree = "<group>";
		};
		A9BF46962D53887B003F2333 /* Data Range Picker */ = {
			isa = PBXGroup;
			children = (
				A9BF46952D53887B003F2333 /* DateRangePickerView.swift */,
			);
			path = "Data Range Picker";
			sourceTree = "<group>";
		};
		A9BF46992D538893003F2333 /* ViewModel */ = {
			isa = PBXGroup;
			children = (
				A9BF46982D538893003F2333 /* SliderViewModel.swift */,
			);
			path = ViewModel;
			sourceTree = "<group>";
		};
		A9BF469B2D538893003F2333 /* Views */ = {
			isa = PBXGroup;
			children = (
				A9BF469A2D538893003F2333 /* SliderView.swift */,
			);
			path = Views;
			sourceTree = "<group>";
		};
		A9BF469C2D538893003F2333 /* SliderComponent */ = {
			isa = PBXGroup;
			children = (
				A9BF46992D538893003F2333 /* ViewModel */,
				A9BF469B2D538893003F2333 /* Views */,
			);
			path = SliderComponent;
			sourceTree = "<group>";
		};
		A9BF46A02D538896003F2333 /* Views */ = {
			isa = PBXGroup;
			children = (
				A9BF469F2D538896003F2333 /* ImageFileView.swift */,
				A9BF46A62D539921003F2333 /* CameraPicker.swift */,
			);
			path = Views;
			sourceTree = "<group>";
		};
		A9BF46A12D538896003F2333 /* Image-File Upload */ = {
			isa = PBXGroup;
			children = (
				A9BF46A02D538896003F2333 /* Views */,
			);
			path = "Image-File Upload";
			sourceTree = "<group>";
		};
		A9BF46A32D538E90003F2333 /* ComplicatedView */ = {
			isa = PBXGroup;
			children = (
				A9BF46A42D538EC5003F2333 /* ComplicatedView.swift */,
			);
			path = ComplicatedView;
			sourceTree = "<group>";
		};
		AAC2544C2D65C7F50010EF91 /* DC */ = {
			isa = PBXGroup;
			children = (
				AABE5E142D653EB800B26A18 /* FormViewModelContainer.swift */,
			);
			path = DC;
			sourceTree = "<group>";
		};
		AAD099652D5CC8CA007A6CE9 /* RulesControls */ = {
			isa = PBXGroup;
			children = (
				AAD099672D5CC8FC007A6CE9 /* ViewModel */,
				AAD099662D5CC8EF007A6CE9 /* View */,
			);
			path = RulesControls;
			sourceTree = "<group>";
		};
		AAD099662D5CC8EF007A6CE9 /* View */ = {
			isa = PBXGroup;
			children = (
				AAD099682D5CC911007A6CE9 /* RulesControlsView.swift */,
				AAD099712D5CF4C6007A6CE9 /* DisplayDataFormView.swift */,
				AAD099762D5D3CCB007A6CE9 /* FormFieldView.swift */,
			);
			path = View;
			sourceTree = "<group>";
		};
		AAD099672D5CC8FC007A6CE9 /* ViewModel */ = {
			isa = PBXGroup;
			children = (
				AAD0996A2D5CCA23007A6CE9 /* RulesControlsViewModel.swift */,
			);
			path = ViewModel;
			sourceTree = "<group>";
		};
		AAD099732D5D3A41007A6CE9 /* FooterView */ = {
			isa = PBXGroup;
			children = (
				AAD099742D5D3A53007A6CE9 /* FooterFormView.swift */,
			);
			path = FooterView;
			sourceTree = "<group>";
		};
		AAD5622F2D4AABAA00C19A11 /* CheckBox */ = {
			isa = PBXGroup;
			children = (
				AAD562382D4AAC1500C19A11 /* Styling */,
				AAD562312D4AABBC00C19A11 /* ViewModel */,
				AAD562302D4AABB300C19A11 /* Views */,
			);
			path = CheckBox;
			sourceTree = "<group>";
		};
		AAD562302D4AABB300C19A11 /* Views */ = {
			isa = PBXGroup;
			children = (
				AAD562342D4AABE500C19A11 /* CheckBoxView.swift */,
				AAD562362D4AABF300C19A11 /* MultiChoiceQuestion.swift */,
				AAD964102D4AE3D300302958 /* ShowMoreButton.swift */,
			);
			path = Views;
			sourceTree = "<group>";
		};
		AAD562312D4AABBC00C19A11 /* ViewModel */ = {
			isa = PBXGroup;
			children = (
				AAD562322D4AABD200C19A11 /* CheckBoxViewModel.swift */,
			);
			path = ViewModel;
			sourceTree = "<group>";
		};
		AAD562382D4AAC1500C19A11 /* Styling */ = {
			isa = PBXGroup;
			children = (
				AAD562392D4AAC2700C19A11 /* CheckBoxStyle.swift */,
			);
			path = Styling;
			sourceTree = "<group>";
		};
		AAE5CA8A2D4A447900FDA699 /* RadioButton */ = {
			isa = PBXGroup;
			children = (
				AAE5CAC22D4A55C200FDA699 /* ViewModel */,
				AAE5CAC12D4A55B400FDA699 /* Views */,
			);
			path = RadioButton;
			sourceTree = "<group>";
		};
		AAE5CA8D2D4A4D6F00FDA699 /* Extenstions */ = {
			isa = PBXGroup;
			children = (
				E489E81D2D4A6A15007EA370 /* ColorExtension.swift */,
				AAE5CA8E2D4A4D8D00FDA699 /* ImageExtension.swift */,
				AAE5CABD2D4A50AD00FDA699 /* ViewExtenstion.swift */,
			);
			path = Extenstions;
			sourceTree = "<group>";
		};
		AAE5CABA2D4A505100FDA699 /* Common */ = {
			isa = PBXGroup;
			children = (
				AAE5CA8D2D4A4D6F00FDA699 /* Extenstions */,
			);
			path = Common;
			sourceTree = "<group>";
		};
		AAE5CAC12D4A55B400FDA699 /* Views */ = {
			isa = PBXGroup;
			children = (
				AAE5CA8B2D4A448B00FDA699 /* RadioButtonView.swift */,
				AAE5CAC52D4A61FD00FDA699 /* QuestionsRadioButton.swift */,
			);
			path = Views;
			sourceTree = "<group>";
		};
		AAE5CAC22D4A55C200FDA699 /* ViewModel */ = {
			isa = PBXGroup;
			children = (
				AAE5CAC32D4A561000FDA699 /* RadioButtonViewModel.swift */,
			);
			path = ViewModel;
			sourceTree = "<group>";
		};
		E44926C22D4B8AAB00EA5D5E /* FormView */ = {
			isa = PBXGroup;
			children = (
				AAC2544C2D65C7F50010EF91 /* DC */,
				E44926C62D4B8B0000EA5D5E /* ViewModel */,
				E44926C52D4B8AF000EA5D5E /* View */,
			);
			path = FormView;
			sourceTree = "<group>";
		};
		E44926C52D4B8AF000EA5D5E /* View */ = {
			isa = PBXGroup;
			children = (
				E44926C32D4B8AD200EA5D5E /* FormView.swift */,
			);
			path = View;
			sourceTree = "<group>";
		};
		E44926C62D4B8B0000EA5D5E /* ViewModel */ = {
			isa = PBXGroup;
			children = (
				E44926C72D4B8B0D00EA5D5E /* FormViewModel.swift */,
			);
			path = ViewModel;
			sourceTree = "<group>";
		};
		E489E8122D4A3AFC007EA370 /* TextBoxComponent */ = {
			isa = PBXGroup;
			children = (
				E489E8192D4A3B96007EA370 /* ViewModel */,
				E489E8182D4A3B8E007EA370 /* View */,
			);
			path = TextBoxComponent;
			sourceTree = "<group>";
		};
		E489E8182D4A3B8E007EA370 /* View */ = {
			isa = PBXGroup;
			children = (
				E48C9FED2D53749900A519ED /* MaskedTextField */,
				E489E8222D4B5B82007EA370 /* CustomDropDownView */,
				E489E8132D4A3B17007EA370 /* TextBoxComponent.swift */,
			);
			path = View;
			sourceTree = "<group>";
		};
		E489E8192D4A3B96007EA370 /* ViewModel */ = {
			isa = PBXGroup;
			children = (
				E489E81A2D4A4072007EA370 /* TextBoxViewModel.swift */,
			);
			path = ViewModel;
			sourceTree = "<group>";
		};
		E489E8222D4B5B82007EA370 /* CustomDropDownView */ = {
			isa = PBXGroup;
			children = (
				E489E8232D4B5BA0007EA370 /* CustomDropDownView.swift */,
			);
			path = CustomDropDownView;
			sourceTree = "<group>";
		};
		E48C9FED2D53749900A519ED /* MaskedTextField */ = {
			isa = PBXGroup;
			children = (
				E48C9FEE2D5374A900A519ED /* MaskedTextField.swift */,
			);
			path = MaskedTextField;
			sourceTree = "<group>";
		};
		E48C9FF02D5374BE00A519ED /* DependentPackages */ = {
			isa = PBXGroup;
			children = (
				E48C9FF12D5374D300A519ED /* AKMaskField */,
			);
			path = DependentPackages;
			sourceTree = "<group>";
		};
		E48C9FF12D5374D300A519ED /* AKMaskField */ = {
			isa = PBXGroup;
			children = (
				E48C9FF32D5374D300A519ED /* AKMaskField */,
			);
			path = AKMaskField;
			sourceTree = "<group>";
		};
		E48C9FF32D5374D300A519ED /* AKMaskField */ = {
			isa = PBXGroup;
			children = (
				E48C9FF42D5374D300A519ED /* AKMaskFieldBrackets.swift */,
				E48C9FF52D5374D300A519ED /* AKMaskFieldEvent.swift */,
				E48C9FF62D5374D300A519ED /* AKMaskFieldBlock.swift */,
				E48C9FF72D5374D300A519ED /* AKMaskField.swift */,
				E48C9FF82D5374D300A519ED /* AKMaskFieldUtility.swift */,
				E48C9FF92D5374D300A519ED /* AKMaskFieldBlockCharacter.swift */,
				E48C9FFA2D5374D300A519ED /* AKMaskFieldPatternCharacter.swift */,
				E48C9FFB2D5374D300A519ED /* AKMaskFieldStatus.swift */,
			);
			path = AKMaskField;
			sourceTree = "<group>";
		};
		E48CA0072D5379F800A519ED /* SignatureComponent */ = {
			isa = PBXGroup;
			children = (
				E48CA0142D537D7000A519ED /* View */,
				E48CA0172D537D7000A519ED /* ViewModel */,
			);
			path = SignatureComponent;
			sourceTree = "<group>";
		};
		E48CA0142D537D7000A519ED /* View */ = {
			isa = PBXGroup;
			children = (
				E48CA0152D537D7000A519ED /* SignatureCanvasView.swift */,
				E48CA0162D537D7000A519ED /* SignatureComponent.swift */,
			);
			path = View;
			sourceTree = "<group>";
		};
		E48CA0172D537D7000A519ED /* ViewModel */ = {
			isa = PBXGroup;
			children = (
				E48CA0182D537D7000A519ED /* SignatureViewModel.swift */,
			);
			path = ViewModel;
			sourceTree = "<group>";
		};
		E48CA1072D5CC72300A519ED /* ThemeAssets */ = {
			isa = PBXGroup;
			children = (
				E48CA10B2D5CC72300A519ED /* AppFonts.swift */,
				E48CA10A2D5CC72300A519ED /* AppColors.swift */,
				E48CA1082D5CC72300A519ED /* AppBorders.swift */,
				E48CA1092D5CC72300A519ED /* AppSpacing.swift */,
			);
			path = ThemeAssets;
			sourceTree = "<group>";
		};
		E48CA10C2D5CC72300A519ED /* StyledView */ = {
			isa = PBXGroup;
			children = (
				E48CA10D2D5CC72300A519ED /* TextStyling.swift */,
				E48CA10E2D5CC72300A519ED /* BorderStyling.swift */,
			);
			path = StyledView;
			sourceTree = "<group>";
		};
		E48CA10F2D5CC72300A519ED /* StyleManager */ = {
			isa = PBXGroup;
			children = (
				E48CA1102D5CC72300A519ED /* StyleManager.swift */,
				E48CA1112D5CC72300A519ED /* StyleManagerViewModel.swift */,
			);
			path = StyleManager;
			sourceTree = "<group>";
		};
		E4A901482D4BAD2C007080AC /* Splash */ = {
			isa = PBXGroup;
			children = (
				E4A901492D4BAD2C007080AC /* SplashView.swift */,
			);
			path = Splash;
			sourceTree = "<group>";
		};
		E4A9014B2D4BADD0007080AC /* Resources */ = {
			isa = PBXGroup;
			children = (
				E4A901842D5CD77B007080AC /* Images */,
				E4A901832D5CD776007080AC /* Fonts */,
				E4BBCFE82D4A24C2004AA735 /* Assets.xcassets */,
			);
			path = Resources;
			sourceTree = "<group>";
		};
		E4A9014C2D4BADE6007080AC /* Root */ = {
			isa = PBXGroup;
			children = (
				E4BBCFE42D4A24BF004AA735 /* DFComponentsApp.swift */,
			);
			path = Root;
			sourceTree = "<group>";
		};
		E4A9014D2D4BAE0D007080AC /* Main */ = {
			isa = PBXGroup;
			children = (
				E4A9014F2D4BAE1A007080AC /* ViewModel */,
				E4A9014E2D4BAE14007080AC /* Views */,
			);
			path = Main;
			sourceTree = "<group>";
		};
		E4A9014E2D4BAE14007080AC /* Views */ = {
			isa = PBXGroup;
			children = (
				A95D7A352D4BA59D004FB6CA /* ServicesListView.swift */,
			);
			path = Views;
			sourceTree = "<group>";
		};
		E4A9014F2D4BAE1A007080AC /* ViewModel */ = {
			isa = PBXGroup;
			children = (
				A95D7A362D4BA59D004FB6CA /* ServicesListViewModel.swift */,
			);
			path = ViewModel;
			sourceTree = "<group>";
		};
		E4A901502D50DBED007080AC /* MapComponent */ = {
			isa = PBXGroup;
			children = (
				E4A901512D50DBF9007080AC /* View */,
			);
			path = MapComponent;
			sourceTree = "<group>";
		};
		E4A901512D50DBF9007080AC /* View */ = {
			isa = PBXGroup;
			children = (
				E4A901522D50DC07007080AC /* MapView.swift */,
			);
			path = View;
			sourceTree = "<group>";
		};
		E4A901542D525B84007080AC /* SectionComponent */ = {
			isa = PBXGroup;
			children = (
				E4A901562D525B99007080AC /* ViewModel */,
				E4A901552D525B94007080AC /* View */,
			);
			path = SectionComponent;
			sourceTree = "<group>";
		};
		E4A901552D525B94007080AC /* View */ = {
			isa = PBXGroup;
			children = (
				E4A901572D525BB2007080AC /* SectionView.swift */,
			);
			path = View;
			sourceTree = "<group>";
		};
		E4A901562D525B99007080AC /* ViewModel */ = {
			isa = PBXGroup;
			children = (
				E4A9015B2D52CD73007080AC /* SectionViewModel.swift */,
			);
			path = ViewModel;
			sourceTree = "<group>";
		};
		E4A9015D2D52D4C0007080AC /* StepComponent */ = {
			isa = PBXGroup;
			children = (
				E4A9015F2D52D4CF007080AC /* ViewModel */,
				E4A9015E2D52D4CA007080AC /* View */,
			);
			path = StepComponent;
			sourceTree = "<group>";
		};
		E4A9015E2D52D4CA007080AC /* View */ = {
			isa = PBXGroup;
			children = (
				E4A901622D52D536007080AC /* StepView.swift */,
			);
			path = View;
			sourceTree = "<group>";
		};
		E4A9015F2D52D4CF007080AC /* ViewModel */ = {
			isa = PBXGroup;
			children = (
			);
			path = ViewModel;
			sourceTree = "<group>";
		};
		E4A9017C2D5CCE67007080AC /* Managers */ = {
			isa = PBXGroup;
			children = (
				E4A9017D2D5CCE90007080AC /* RouterManager.swift */,
				04C1DE312D5DFA120034B704 /* AppearanceManager.swift */,
			);
			path = Managers;
			sourceTree = "<group>";
		};
		E4A9017F2D5CCF8B007080AC /* Theme */ = {
			isa = PBXGroup;
			children = (
				E48CA10F2D5CC72300A519ED /* StyleManager */,
				E48CA1072D5CC72300A519ED /* ThemeAssets */,
				E48CA10C2D5CC72300A519ED /* StyledView */,
			);
			path = Theme;
			sourceTree = "<group>";
		};
		E4A901812D5CD5EF007080AC /* Messages */ = {
			isa = PBXGroup;
			children = (
				AA84AE142D4B8BAF0057D161 /* ErrorMessageView.swift */,
			);
			path = Messages;
			sourceTree = "<group>";
		};
		E4A901822D5CD5F8007080AC /* Builders */ = {
			isa = PBXGroup;
			children = (
				A9BF46922D53886A003F2333 /* ControlFormBuilderView.swift */,
			);
			path = Builders;
			sourceTree = "<group>";
		};
		E4A901832D5CD776007080AC /* Fonts */ = {
			isa = PBXGroup;
			children = (
			);
			path = Fonts;
			sourceTree = "<group>";
		};
		E4A901842D5CD77B007080AC /* Images */ = {
			isa = PBXGroup;
			children = (
			);
			path = Images;
			sourceTree = "<group>";
		};
		E4A9018F2D5E01E9007080AC /* Network */ = {
			isa = PBXGroup;
			children = (
				E4A901902D5E01E9007080AC /* Remote */,
			);
			path = Network;
			sourceTree = "<group>";
		};
		E4A901902D5E01E9007080AC /* Remote */ = {
			isa = PBXGroup;
			children = (
				E4A901912D5E01E9007080AC /* Endpoint */,
				E4A901932D5E01E9007080AC /* Service */,
				E4A901992D5E01E9007080AC /* Authorization */,
			);
			path = Remote;
			sourceTree = "<group>";
		};
		E4A901912D5E01E9007080AC /* Endpoint */ = {
			isa = PBXGroup;
			children = (
				E4A901922D5E01E9007080AC /* Endpoint.swift */,
			);
			path = Endpoint;
			sourceTree = "<group>";
		};
		E4A901932D5E01E9007080AC /* Service */ = {
			isa = PBXGroup;
			children = (
				E4A901942D5E01E9007080AC /* NetworkServiceImpl.swift */,
				E4A901952D5E01E9007080AC /* Network.swift */,
				E4A901972D5E01E9007080AC /* NetworkErrorHandling.swift */,
				E4A901982D5E01E9007080AC /* AlamofireService.swift */,
			);
			path = Service;
			sourceTree = "<group>";
		};
		E4A901992D5E01E9007080AC /* Authorization */ = {
			isa = PBXGroup;
			children = (
				E4A9019A2D5E01E9007080AC /* UserAuthoriationHandlerImpl.swift */,
				E4A9019B2D5E01E9007080AC /* AuthorizationHandler.swift */,
				E4A9019C2D5E01E9007080AC /* GuestAuthorizationImpl.swift */,
			);
			path = Authorization;
			sourceTree = "<group>";
		};
		E4A901AC2D61CF07007080AC /* Frameworks */ = {
			isa = PBXGroup;
			children = (
			);
			name = Frameworks;
			sourceTree = "<group>";
		};
		E4BBCFD82D4A24BF004AA735 = {
			isa = PBXGroup;
			children = (
				E4BBCFE32D4A24BF004AA735 /* DFComponents */,
				E4BBCFF52D4A24C3004AA735 /* DFComponentsTests */,
				E4BBCFFF2D4A24C3004AA735 /* DFComponentsUITests */,
				E4BBCFE22D4A24BF004AA735 /* Products */,
				A95D7A222D4B80D0004FB6CA /* Recovered References */,
				E4A901AC2D61CF07007080AC /* Frameworks */,
			);
			sourceTree = "<group>";
		};
		E4BBCFE22D4A24BF004AA735 /* Products */ = {
			isa = PBXGroup;
			children = (
				E4BBCFE12D4A24BF004AA735 /* DFComponents.app */,
				E4BBCFF22D4A24C3004AA735 /* DFComponentsTests.xctest */,
				E4BBCFFC2D4A24C3004AA735 /* DFComponentsUITests.xctest */,
			);
			name = Products;
			sourceTree = "<group>";
		};
		E4BBCFE32D4A24BF004AA735 /* DFComponents */ = {
			isa = PBXGroup;
			children = (
				A9474D882D64B48100031047 /* Domain */,
				E4A9014C2D4BADE6007080AC /* Root */,
				E4BBD00F2D4A24EA004AA735 /* Presentation */,
				E4BBD0242D4A4A53004AA735 /* Data */,
				E48C9FF02D5374BE00A519ED /* DependentPackages */,
				A9474BB02D5CE3AB00031047 /* Network */,
				E4A9014B2D4BADD0007080AC /* Resources */,
				AAE5CABA2D4A505100FDA699 /* Common */,
				E4A9017C2D5CCE67007080AC /* Managers */,
				E4A9017F2D5CCF8B007080AC /* Theme */,
				E4BBCFEA2D4A24C2004AA735 /* DFComponents.entitlements */,
				E4BBCFEB2D4A24C2004AA735 /* Preview Content */,
			);
			path = DFComponents;
			sourceTree = "<group>";
		};
		E4BBCFEB2D4A24C2004AA735 /* Preview Content */ = {
			isa = PBXGroup;
			children = (
				E4BBCFEC2D4A24C2004AA735 /* Preview Assets.xcassets */,
			);
			path = "Preview Content";
			sourceTree = "<group>";
		};
		E4BBCFF52D4A24C3004AA735 /* DFComponentsTests */ = {
			isa = PBXGroup;
			children = (
				E4BBCFF62D4A24C3004AA735 /* DFComponentsTests.swift */,
			);
			path = DFComponentsTests;
			sourceTree = "<group>";
		};
		E4BBCFFF2D4A24C3004AA735 /* DFComponentsUITests */ = {
			isa = PBXGroup;
			children = (
				E4BBD0002D4A24C3004AA735 /* DFComponentsUITests.swift */,
				E4BBD0022D4A24C3004AA735 /* DFComponentsUITestsLaunchTests.swift */,
			);
			path = DFComponentsUITests;
			sourceTree = "<group>";
		};
		E4BBD00F2D4A24EA004AA735 /* Presentation */ = {
			isa = PBXGroup;
			children = (
				E4BBD0192D4A2AFF004AA735 /* UIComponents */,
				E4BBD0102D4A24FE004AA735 /* Views */,
				E4BBD0112D4A250D004AA735 /* Modifiers */,
			);
			path = Presentation;
			sourceTree = "<group>";
		};
		E4BBD0102D4A24FE004AA735 /* Views */ = {
			isa = PBXGroup;
			children = (
				04C1DE332D5DFB750034B704 /* Appearance */,
				AAD099732D5D3A41007A6CE9 /* FooterView */,
				A9BF46A32D538E90003F2333 /* ComplicatedView */,
				E4A901482D4BAD2C007080AC /* Splash */,
				E4A9014D2D4BAE0D007080AC /* Main */,
				E44926C22D4B8AAB00EA5D5E /* FormView */,
			);
			path = Views;
			sourceTree = "<group>";
		};
		E4BBD0112D4A250D004AA735 /* Modifiers */ = {
			isa = PBXGroup;
			children = (
			);
			path = Modifiers;
			sourceTree = "<group>";
		};
		E4BBD0192D4A2AFF004AA735 /* UIComponents */ = {
			isa = PBXGroup;
			children = (
				AAD099652D5CC8CA007A6CE9 /* RulesControls */,
				E4A901822D5CD5F8007080AC /* Builders */,
				E4A901812D5CD5EF007080AC /* Messages */,
				A9BF46A12D538896003F2333 /* Image-File Upload */,
				A9BF469C2D538893003F2333 /* SliderComponent */,
				A9BF46962D53887B003F2333 /* Data Range Picker */,
				E4A9015D2D52D4C0007080AC /* StepComponent */,
				E4A901542D525B84007080AC /* SectionComponent */,
				E4A901502D50DBED007080AC /* MapComponent */,
				E48CA0072D5379F800A519ED /* SignatureComponent */,
				A95D7A232D4B8110004FB6CA /* DateComponent */,
				E4BBD01C2D4A47A2004AA735 /* DropDownView */,
				AAD5622F2D4AABAA00C19A11 /* CheckBox */,
				E489E8122D4A3AFC007EA370 /* TextBoxComponent */,
				AAE5CA8A2D4A447900FDA699 /* RadioButton */,
				E4BBD01A2D4A2B24004AA735 /* README.md */,
			);
			path = UIComponents;
			sourceTree = "<group>";
		};
		E4BBD01C2D4A47A2004AA735 /* DropDownView */ = {
			isa = PBXGroup;
			children = (
				E4BBD0292D4A59D7004AA735 /* CustomViews */,
				E4BBD0282D4A59CC004AA735 /* View */,
				E4BBD0212D4A4A29004AA735 /* ViewModel */,
			);
			path = DropDownView;
			sourceTree = "<group>";
		};
		E4BBD0212D4A4A29004AA735 /* ViewModel */ = {
			isa = PBXGroup;
			children = (
				E4BBD0222D4A4A29004AA735 /* DropDownViewModel.swift */,
			);
			path = ViewModel;
			sourceTree = "<group>";
		};
		E4BBD0242D4A4A53004AA735 /* Data */ = {
			isa = PBXGroup;
			children = (
				A9474D752D649BFF00031047 /* form.json */,
				A9474D772D649D2E00031047 /* android.json */,
				A9474D792D64A97800031047 /* checkSurvey.json */,
				A9474BD22D5CE5F800031047 /* Repository */,
				E4A9018F2D5E01E9007080AC /* Network */,
				E4BBD0252D4A4A64004AA735 /* DTO */,
			);
			path = Data;
			sourceTree = "<group>";
		};
		E4BBD0252D4A4A64004AA735 /* DTO */ = {
			isa = PBXGroup;
			children = (
				A9474D7D2D64AD7700031047 /* FieldRules.swift */,
				A95D7A242D4B8127004FB6CA /* DateDTO.swift */,
				A9474D7B2D64ACBB00031047 /* APIResponse.swift */,
				A9474D7F2D64AD8700031047 /* DefaultAnswer.swift */,
				A9BF45D42D50DB0D003F2333 /* SliderDTO.swift */,
				E489E8162D4A3B48007EA370 /* TextBoxDTO.swift */,
				E4BBD0262D4A4A7F004AA735 /* CountryDTO.swift */,
				AA3F83A82D4B7DDD00C7A6C0 /* CheckBoxDTO.swift */,
				AAD1E7BF2D4B7F9400442BA4 /* RadioButtonDTO.swift */,
				A95D7A2F2D4B8B6C004FB6CA /* FormDTO.swift */,
				E4A901592D52C848007080AC /* SectionModel.swift */,
				E48CA0122D537D5000A519ED /* SignatureDTO.swift */,
			);
			path = DTO;
			sourceTree = "<group>";
		};
		E4BBD0282D4A59CC004AA735 /* View */ = {
			isa = PBXGroup;
			children = (
				E4BBD01D2D4A47BD004AA735 /* DropDownView.swift */,
			);
			path = View;
			sourceTree = "<group>";
		};
		E4BBD0292D4A59D7004AA735 /* CustomViews */ = {
			isa = PBXGroup;
			children = (
				E4BBD01F2D4A49BC004AA735 /* SearchBarView.swift */,
			);
			path = CustomViews;
			sourceTree = "<group>";
		};
/* End PBXGroup section */

/* Begin PBXNativeTarget section */
		E4BBCFE02D4A24BF004AA735 /* DFComponents */ = {
			isa = PBXNativeTarget;
			buildConfigurationList = E4BBD0062D4A24C3004AA735 /* Build configuration list for PBXNativeTarget "DFComponents" */;
			buildPhases = (
				E4BBCFDD2D4A24BF004AA735 /* Sources */,
				E4BBCFDE2D4A24BF004AA735 /* Frameworks */,
				E4BBCFDF2D4A24BF004AA735 /* Resources */,
			);
			buildRules = (
			);
			dependencies = (
			);
			name = DFComponents;
			packageProductDependencies = (
				E4A901A72D5E02D3007080AC /* KeychainSwift */,
				E4A901AD2D61CF07007080AC /* Alamofire */,
			);
			productName = DFComponents;
			productReference = E4BBCFE12D4A24BF004AA735 /* DFComponents.app */;
			productType = "com.apple.product-type.application";
		};
		E4BBCFF12D4A24C3004AA735 /* DFComponentsTests */ = {
			isa = PBXNativeTarget;
			buildConfigurationList = E4BBD0092D4A24C3004AA735 /* Build configuration list for PBXNativeTarget "DFComponentsTests" */;
			buildPhases = (
				E4BBCFEE2D4A24C3004AA735 /* Sources */,
				E4BBCFEF2D4A24C3004AA735 /* Frameworks */,
				E4BBCFF02D4A24C3004AA735 /* Resources */,
			);
			buildRules = (
			);
			dependencies = (
				E4BBCFF42D4A24C3004AA735 /* PBXTargetDependency */,
			);
			name = DFComponentsTests;
			productName = DFComponentsTests;
			productReference = E4BBCFF22D4A24C3004AA735 /* DFComponentsTests.xctest */;
			productType = "com.apple.product-type.bundle.unit-test";
		};
		E4BBCFFB2D4A24C3004AA735 /* DFComponentsUITests */ = {
			isa = PBXNativeTarget;
			buildConfigurationList = E4BBD00C2D4A24C3004AA735 /* Build configuration list for PBXNativeTarget "DFComponentsUITests" */;
			buildPhases = (
				E4BBCFF82D4A24C3004AA735 /* Sources */,
				E4BBCFF92D4A24C3004AA735 /* Frameworks */,
				E4BBCFFA2D4A24C3004AA735 /* Resources */,
			);
			buildRules = (
			);
			dependencies = (
				E4BBCFFE2D4A24C3004AA735 /* PBXTargetDependency */,
			);
			name = DFComponentsUITests;
			productName = DFComponentsUITests;
			productReference = E4BBCFFC2D4A24C3004AA735 /* DFComponentsUITests.xctest */;
			productType = "com.apple.product-type.bundle.ui-testing";
		};
/* End PBXNativeTarget section */

/* Begin PBXProject section */
		E4BBCFD92D4A24BF004AA735 /* Project object */ = {
			isa = PBXProject;
			attributes = {
				BuildIndependentTargetsInParallel = 1;
				LastSwiftUpdateCheck = 1520;
				LastUpgradeCheck = 1520;
				TargetAttributes = {
					E4BBCFE02D4A24BF004AA735 = {
						CreatedOnToolsVersion = 15.2;
					};
					E4BBCFF12D4A24C3004AA735 = {
						CreatedOnToolsVersion = 15.2;
						TestTargetID = E4BBCFE02D4A24BF004AA735;
					};
					E4BBCFFB2D4A24C3004AA735 = {
						CreatedOnToolsVersion = 15.2;
						TestTargetID = E4BBCFE02D4A24BF004AA735;
					};
				};
			};
			buildConfigurationList = E4BBCFDC2D4A24BF004AA735 /* Build configuration list for PBXProject "DFComponents" */;
			compatibilityVersion = "Xcode 14.0";
			developmentRegion = en;
			hasScannedForEncodings = 0;
			knownRegions = (
				en,
				Base,
			);
			mainGroup = E4BBCFD82D4A24BF004AA735;
			packageReferences = (
				E4A901A62D5E02D3007080AC /* XCRemoteSwiftPackageReference "keychain-swift" */,
				E4A901AB2D61CEF5007080AC /* XCRemoteSwiftPackageReference "Alamofire" */,
			);
			productRefGroup = E4BBCFE22D4A24BF004AA735 /* Products */;
			projectDirPath = "";
			projectRoot = "";
			targets = (
				E4BBCFE02D4A24BF004AA735 /* DFComponents */,
				E4BBCFF12D4A24C3004AA735 /* DFComponentsTests */,
				E4BBCFFB2D4A24C3004AA735 /* DFComponentsUITests */,
			);
		};
/* End PBXProject section */

/* Begin PBXResourcesBuildPhase section */
		E4BBCFDF2D4A24BF004AA735 /* Resources */ = {
			isa = PBXResourcesBuildPhase;
			buildActionMask = 2147483647;
			files = (
				A9474D782D649D2E00031047 /* android.json in Resources */,
				E4BBD01B2D4A2B24004AA735 /* README.md in Resources */,
				A9474D7A2D64A97800031047 /* checkSurvey.json in Resources */,
				E4BBCFED2D4A24C2004AA735 /* Preview Assets.xcassets in Resources */,
				A9474D762D649BFF00031047 /* form.json in Resources */,
				E4BBCFE92D4A24C2004AA735 /* Assets.xcassets in Resources */,
			);
			runOnlyForDeploymentPostprocessing = 0;
		};
		E4BBCFF02D4A24C3004AA735 /* Resources */ = {
			isa = PBXResourcesBuildPhase;
			buildActionMask = 2147483647;
			files = (
			);
			runOnlyForDeploymentPostprocessing = 0;
		};
		E4BBCFFA2D4A24C3004AA735 /* Resources */ = {
			isa = PBXResourcesBuildPhase;
			buildActionMask = 2147483647;
			files = (
			);
			runOnlyForDeploymentPostprocessing = 0;
		};
/* End PBXResourcesBuildPhase section */

/* Begin PBXSourcesBuildPhase section */
		E4BBCFDD2D4A24BF004AA735 /* Sources */ = {
			isa = PBXSourcesBuildPhase;
			buildActionMask = 2147483647;
			files = (
				AAD099692D5CC911007A6CE9 /* RulesControlsView.swift in Sources */,
				E4BBD0232D4A4A29004AA735 /* DropDownViewModel.swift in Sources */,
				E48CA0052D5374D300A519ED /* AKMaskFieldStatus.swift in Sources */,
				A9474D802D64AD8700031047 /* DefaultAnswer.swift in Sources */,
				A9BF46A72D53992A003F2333 /* CameraPicker.swift in Sources */,
				A9BF46A52D538EC9003F2333 /* ComplicatedView.swift in Sources */,
				E4A9019F2D5E01E9007080AC /* Network.swift in Sources */,
				E4BBD0202D4A49BC004AA735 /* SearchBarView.swift in Sources */,
				E44926C42D4B8AD200EA5D5E /* FormView.swift in Sources */,
				A9BF45D52D50DB15003F2333 /* SliderDTO.swift in Sources */,
				E48CA0132D537D5000A519ED /* SignatureDTO.swift in Sources */,
				AAD099722D5CF4C6007A6CE9 /* DisplayDataFormView.swift in Sources */,
				E4A901582D525BB2007080AC /* SectionView.swift in Sources */,
				A95D7A2C2D4B813D004FB6CA /* DateTimeView.swift in Sources */,
				04C1DE352D5DFB970034B704 /* AppearanceSheetView.swift in Sources */,
				E48CA0012D5374D300A519ED /* AKMaskField.swift in Sources */,
				AAD964112D4AE3D300302958 /* ShowMoreButton.swift in Sources */,
				A9474BD62D5CEF7E00031047 /* GlobalErrorHandler.swift in Sources */,
				E48CA1172D5CC72300A519ED /* BorderStyling.swift in Sources */,
				A95D7A262D4B8127004FB6CA /* DateDTO.swift in Sources */,
				AAD0996B2D5CCA23007A6CE9 /* RulesControlsViewModel.swift in Sources */,
				E4A901A22D5E01E9007080AC /* AlamofireService.swift in Sources */,
				E4A901532D50DC07007080AC /* MapView.swift in Sources */,
				A9474BCB2D5CE44400031047 /* ResponseHandler.swift in Sources */,
				E48CA0042D5374D300A519ED /* AKMaskFieldPatternCharacter.swift in Sources */,
				E4A901A32D5E01E9007080AC /* UserAuthoriationHandlerImpl.swift in Sources */,
				AAE5CA8F2D4A4D8D00FDA699 /* ImageExtension.swift in Sources */,
				AABE5E152D653EB900B26A18 /* FormViewModelContainer.swift in Sources */,
				AAE5CABE2D4A50AD00FDA699 /* ViewExtenstion.swift in Sources */,
				A9474BCF2D5CE4E500031047 /* ContentType.swift in Sources */,
				AAD562372D4AABF300C19A11 /* MultiChoiceQuestion.swift in Sources */,
				A9BF46A22D538896003F2333 /* ImageFileView.swift in Sources */,
				E4A901A52D5E01E9007080AC /* GuestAuthorizationImpl.swift in Sources */,
				AAD5623A2D4AAC2700C19A11 /* CheckBoxStyle.swift in Sources */,
				AAD099752D5D3A53007A6CE9 /* FooterFormView.swift in Sources */,
				E4A901632D52D536007080AC /* StepView.swift in Sources */,
				E4A9015A2D52C848007080AC /* SectionModel.swift in Sources */,
				E4A9017E2D5CCE90007080AC /* RouterManager.swift in Sources */,
				AAD562352D4AABE500C19A11 /* CheckBoxView.swift in Sources */,
				A9474BC52D5CE3CC00031047 /* NetworkClient.swift in Sources */,
				E48C9FEF2D5374A900A519ED /* MaskedTextField.swift in Sources */,
				AAE5CA8F2D4A4D8D00FDA699 /* ImageExtension.swift in Sources */,
				AAD1E7C02D4B7F9400442BA4 /* RadioButtonDTO.swift in Sources */,
				E4A9015C2D52CD73007080AC /* SectionViewModel.swift in Sources */,
				E48CA0022D5374D300A519ED /* AKMaskFieldUtility.swift in Sources */,
				A9474D7C2D64ACC200031047 /* APIResponse.swift in Sources */,
				E48CA0002D5374D300A519ED /* AKMaskFieldBlock.swift in Sources */,
				AAE5CA8C2D4A448B00FDA699 /* RadioButtonView.swift in Sources */,
				AAE5CAC42D4A561000FDA699 /* RadioButtonViewModel.swift in Sources */,
				AAD099772D5D3CCB007A6CE9 /* FormFieldView.swift in Sources */,
				E48C9FFF2D5374D300A519ED /* AKMaskFieldEvent.swift in Sources */,
				E48CA1162D5CC72300A519ED /* TextStyling.swift in Sources */,
				AAE5CABE2D4A50AD00FDA699 /* ViewExtenstion.swift in Sources */,
				E4BBCFE52D4A24BF004AA735 /* DFComponentsApp.swift in Sources */,
				E4BBD0272D4A4A7F004AA735 /* CountryDTO.swift in Sources */,
				E48C9FFE2D5374D300A519ED /* AKMaskFieldBrackets.swift in Sources */,
				E48CA0032D5374D300A519ED /* AKMaskFieldBlockCharacter.swift in Sources */,
				E4A9014A2D4BAD2C007080AC /* SplashView.swift in Sources */,
				A9474BC72D5CE3EA00031047 /* Interceptor.swift in Sources */,
				E48CA01B2D537D7100A519ED /* SignatureViewModel.swift in Sources */,
				A95D7A292D4B812E004FB6CA /* DateViewModel.swift in Sources */,
				E4BBD01E2D4A47BD004AA735 /* DropDownView.swift in Sources */,
				E4A9019D2D5E01E9007080AC /* Endpoint.swift in Sources */,
				AAD562332D4AABD200C19A11 /* CheckBoxViewModel.swift in Sources */,
				E48CA1122D5CC72300A519ED /* AppBorders.swift in Sources */,
				E489E81B2D4A4072007EA370 /* TextBoxViewModel.swift in Sources */,
				A95D7A302D4B8B6F004FB6CA /* FormDTO.swift in Sources */,
				AA84AE152D4B8BAF0057D161 /* ErrorMessageView.swift in Sources */,
				E489E8172D4A3B48007EA370 /* TextBoxDTO.swift in Sources */,
				E4A901A12D5E01E9007080AC /* NetworkErrorHandling.swift in Sources */,
				E44926C82D4B8B0D00EA5D5E /* FormViewModel.swift in Sources */,
				A9474BD42D5CE60300031047 /* FormRepo.swift in Sources */,
				04C1DE372D5DFBDC0034B704 /* AppearanceSelectionPicker.swift in Sources */,
				A9BF469D2D538893003F2333 /* SliderViewModel.swift in Sources */,
				A9BF469E2D538893003F2333 /* SliderView.swift in Sources */,
				E48CA1182D5CC72300A519ED /* StyleManager.swift in Sources */,
				A9BF46942D53886A003F2333 /* ControlFormBuilderView.swift in Sources */,
				E48CA1132D5CC72300A519ED /* AppSpacing.swift in Sources */,
				AA3F83AA2D4B7DDD00C7A6C0 /* CheckBoxDTO.swift in Sources */,
				E48CA01A2D537D7100A519ED /* SignatureComponent.swift in Sources */,
				A9474D7E2D64AD7700031047 /* FieldRules.swift in Sources */,
				E4A9019E2D5E01E9007080AC /* NetworkServiceImpl.swift in Sources */,
				E489E8142D4A3B17007EA370 /* TextBoxComponent.swift in Sources */,
				E4A901A42D5E01E9007080AC /* AuthorizationHandler.swift in Sources */,
				A9474D8D2D64B4AC00031047 /* FormField.swift in Sources */,
				E489E8242D4B5BA0007EA370 /* CustomDropDownView.swift in Sources */,
				E489E81E2D4A6A15007EA370 /* ColorExtension.swift in Sources */,
				E48CA1192D5CC72300A519ED /* StyleManagerViewModel.swift in Sources */,
				A9BF46972D53887B003F2333 /* DateRangePickerView.swift in Sources */,
				AAE5CAC62D4A61FD00FDA699 /* QuestionsRadioButton.swift in Sources */,
				A95D7A392D4BA59D004FB6CA /* ServicesListViewModel.swift in Sources */,
				A9474BCD2D5CE49C00031047 /* NetworkError.swift in Sources */,
				E48CA1152D5CC72300A519ED /* AppFonts.swift in Sources */,
				E48CA1142D5CC72300A519ED /* AppColors.swift in Sources */,
				A9474BC92D5CE42100031047 /* RequestModifier.swift in Sources */,
				04C1DE322D5DFA120034B704 /* AppearanceManager.swift in Sources */,
				A95D7A3A2D4BA59D004FB6CA /* ServicesListView.swift in Sources */,
				E48CA0192D537D7100A519ED /* SignatureCanvasView.swift in Sources */,
			);
			runOnlyForDeploymentPostprocessing = 0;
		};
		E4BBCFEE2D4A24C3004AA735 /* Sources */ = {
			isa = PBXSourcesBuildPhase;
			buildActionMask = 2147483647;
			files = (
				E4BBCFF72D4A24C3004AA735 /* DFComponentsTests.swift in Sources */,
			);
			runOnlyForDeploymentPostprocessing = 0;
		};
		E4BBCFF82D4A24C3004AA735 /* Sources */ = {
			isa = PBXSourcesBuildPhase;
			buildActionMask = 2147483647;
			files = (
				E4BBD0032D4A24C3004AA735 /* DFComponentsUITestsLaunchTests.swift in Sources */,
				E4BBD0012D4A24C3004AA735 /* DFComponentsUITests.swift in Sources */,
			);
			runOnlyForDeploymentPostprocessing = 0;
		};
/* End PBXSourcesBuildPhase section */

/* Begin PBXTargetDependency section */
		E4BBCFF42D4A24C3004AA735 /* PBXTargetDependency */ = {
			isa = PBXTargetDependency;
			target = E4BBCFE02D4A24BF004AA735 /* DFComponents */;
			targetProxy = E4BBCFF32D4A24C3004AA735 /* PBXContainerItemProxy */;
		};
		E4BBCFFE2D4A24C3004AA735 /* PBXTargetDependency */ = {
			isa = PBXTargetDependency;
			target = E4BBCFE02D4A24BF004AA735 /* DFComponents */;
			targetProxy = E4BBCFFD2D4A24C3004AA735 /* PBXContainerItemProxy */;
		};
/* End PBXTargetDependency section */

/* Begin XCBuildConfiguration section */
		E4BBD0042D4A24C3004AA735 /* Debug */ = {
			isa = XCBuildConfiguration;
			buildSettings = {
				ALWAYS_SEARCH_USER_PATHS = NO;
				ASSETCATALOG_COMPILER_GENERATE_SWIFT_ASSET_SYMBOL_EXTENSIONS = YES;
				CLANG_ANALYZER_NONNULL = YES;
				CLANG_ANALYZER_NUMBER_OBJECT_CONVERSION = YES_AGGRESSIVE;
				CLANG_CXX_LANGUAGE_STANDARD = "gnu++20";
				CLANG_ENABLE_MODULES = YES;
				CLANG_ENABLE_OBJC_ARC = YES;
				CLANG_ENABLE_OBJC_WEAK = YES;
				CLANG_WARN_BLOCK_CAPTURE_AUTORELEASING = YES;
				CLANG_WARN_BOOL_CONVERSION = YES;
				CLANG_WARN_COMMA = YES;
				CLANG_WARN_CONSTANT_CONVERSION = YES;
				CLANG_WARN_DEPRECATED_OBJC_IMPLEMENTATIONS = YES;
				CLANG_WARN_DIRECT_OBJC_ISA_USAGE = YES_ERROR;
				CLANG_WARN_DOCUMENTATION_COMMENTS = YES;
				CLANG_WARN_EMPTY_BODY = YES;
				CLANG_WARN_ENUM_CONVERSION = YES;
				CLANG_WARN_INFINITE_RECURSION = YES;
				CLANG_WARN_INT_CONVERSION = YES;
				CLANG_WARN_NON_LITERAL_NULL_CONVERSION = YES;
				CLANG_WARN_OBJC_IMPLICIT_RETAIN_SELF = YES;
				CLANG_WARN_OBJC_LITERAL_CONVERSION = YES;
				CLANG_WARN_OBJC_ROOT_CLASS = YES_ERROR;
				CLANG_WARN_QUOTED_INCLUDE_IN_FRAMEWORK_HEADER = YES;
				CLANG_WARN_RANGE_LOOP_ANALYSIS = YES;
				CLANG_WARN_STRICT_PROTOTYPES = YES;
				CLANG_WARN_SUSPICIOUS_MOVE = YES;
				CLANG_WARN_UNGUARDED_AVAILABILITY = YES_AGGRESSIVE;
				CLANG_WARN_UNREACHABLE_CODE = YES;
				CLANG_WARN__DUPLICATE_METHOD_MATCH = YES;
				COPY_PHASE_STRIP = NO;
				DEBUG_INFORMATION_FORMAT = dwarf;
				ENABLE_STRICT_OBJC_MSGSEND = YES;
				ENABLE_TESTABILITY = YES;
				ENABLE_USER_SCRIPT_SANDBOXING = YES;
				GCC_C_LANGUAGE_STANDARD = gnu17;
				GCC_DYNAMIC_NO_PIC = NO;
				GCC_NO_COMMON_BLOCKS = YES;
				GCC_OPTIMIZATION_LEVEL = 0;
				GCC_PREPROCESSOR_DEFINITIONS = (
					"DEBUG=1",
					"$(inherited)",
				);
				GCC_WARN_64_TO_32_BIT_CONVERSION = YES;
				GCC_WARN_ABOUT_RETURN_TYPE = YES_ERROR;
				GCC_WARN_UNDECLARED_SELECTOR = YES;
				GCC_WARN_UNINITIALIZED_AUTOS = YES_AGGRESSIVE;
				GCC_WARN_UNUSED_FUNCTION = YES;
				GCC_WARN_UNUSED_VARIABLE = YES;
				LOCALIZATION_PREFERS_STRING_CATALOGS = YES;
				MTL_ENABLE_DEBUG_INFO = INCLUDE_SOURCE;
				MTL_FAST_MATH = YES;
				ONLY_ACTIVE_ARCH = YES;
				SWIFT_ACTIVE_COMPILATION_CONDITIONS = "DEBUG $(inherited)";
				SWIFT_OPTIMIZATION_LEVEL = "-Onone";
			};
			name = Debug;
		};
		E4BBD0052D4A24C3004AA735 /* Release */ = {
			isa = XCBuildConfiguration;
			buildSettings = {
				ALWAYS_SEARCH_USER_PATHS = NO;
				ASSETCATALOG_COMPILER_GENERATE_SWIFT_ASSET_SYMBOL_EXTENSIONS = YES;
				CLANG_ANALYZER_NONNULL = YES;
				CLANG_ANALYZER_NUMBER_OBJECT_CONVERSION = YES_AGGRESSIVE;
				CLANG_CXX_LANGUAGE_STANDARD = "gnu++20";
				CLANG_ENABLE_MODULES = YES;
				CLANG_ENABLE_OBJC_ARC = YES;
				CLANG_ENABLE_OBJC_WEAK = YES;
				CLANG_WARN_BLOCK_CAPTURE_AUTORELEASING = YES;
				CLANG_WARN_BOOL_CONVERSION = YES;
				CLANG_WARN_COMMA = YES;
				CLANG_WARN_CONSTANT_CONVERSION = YES;
				CLANG_WARN_DEPRECATED_OBJC_IMPLEMENTATIONS = YES;
				CLANG_WARN_DIRECT_OBJC_ISA_USAGE = YES_ERROR;
				CLANG_WARN_DOCUMENTATION_COMMENTS = YES;
				CLANG_WARN_EMPTY_BODY = YES;
				CLANG_WARN_ENUM_CONVERSION = YES;
				CLANG_WARN_INFINITE_RECURSION = YES;
				CLANG_WARN_INT_CONVERSION = YES;
				CLANG_WARN_NON_LITERAL_NULL_CONVERSION = YES;
				CLANG_WARN_OBJC_IMPLICIT_RETAIN_SELF = YES;
				CLANG_WARN_OBJC_LITERAL_CONVERSION = YES;
				CLANG_WARN_OBJC_ROOT_CLASS = YES_ERROR;
				CLANG_WARN_QUOTED_INCLUDE_IN_FRAMEWORK_HEADER = YES;
				CLANG_WARN_RANGE_LOOP_ANALYSIS = YES;
				CLANG_WARN_STRICT_PROTOTYPES = YES;
				CLANG_WARN_SUSPICIOUS_MOVE = YES;
				CLANG_WARN_UNGUARDED_AVAILABILITY = YES_AGGRESSIVE;
				CLANG_WARN_UNREACHABLE_CODE = YES;
				CLANG_WARN__DUPLICATE_METHOD_MATCH = YES;
				COPY_PHASE_STRIP = NO;
				DEBUG_INFORMATION_FORMAT = "dwarf-with-dsym";
				ENABLE_NS_ASSERTIONS = NO;
				ENABLE_STRICT_OBJC_MSGSEND = YES;
				ENABLE_USER_SCRIPT_SANDBOXING = YES;
				GCC_C_LANGUAGE_STANDARD = gnu17;
				GCC_NO_COMMON_BLOCKS = YES;
				GCC_WARN_64_TO_32_BIT_CONVERSION = YES;
				GCC_WARN_ABOUT_RETURN_TYPE = YES_ERROR;
				GCC_WARN_UNDECLARED_SELECTOR = YES;
				GCC_WARN_UNINITIALIZED_AUTOS = YES_AGGRESSIVE;
				GCC_WARN_UNUSED_FUNCTION = YES;
				GCC_WARN_UNUSED_VARIABLE = YES;
				LOCALIZATION_PREFERS_STRING_CATALOGS = YES;
				MTL_ENABLE_DEBUG_INFO = NO;
				MTL_FAST_MATH = YES;
				SWIFT_COMPILATION_MODE = wholemodule;
			};
			name = Release;
		};
		E4BBD0072D4A24C3004AA735 /* Debug */ = {
			isa = XCBuildConfiguration;
			buildSettings = {
				ASSETCATALOG_COMPILER_APPICON_NAME = AppIcon;
				ASSETCATALOG_COMPILER_GLOBAL_ACCENT_COLOR_NAME = AccentColor;
				CODE_SIGN_ENTITLEMENTS = DFComponents/DFComponents.entitlements;
				CODE_SIGN_STYLE = Automatic;
				CURRENT_PROJECT_VERSION = 1;
				DEVELOPMENT_ASSET_PATHS = "\"DFComponents/Preview Content\"";
				DEVELOPMENT_TEAM = 95MM2PH5X4;
				ENABLE_HARDENED_RUNTIME = YES;
				ENABLE_PREVIEWS = YES;
				GENERATE_INFOPLIST_FILE = YES;
				INFOPLIST_KEY_NSCameraUsageDescription = "USE CAMERA INFO";
				"INFOPLIST_KEY_UIApplicationSceneManifest_Generation[sdk=iphoneos*]" = YES;
				"INFOPLIST_KEY_UIApplicationSceneManifest_Generation[sdk=iphonesimulator*]" = YES;
				"INFOPLIST_KEY_UIApplicationSupportsIndirectInputEvents[sdk=iphoneos*]" = YES;
				"INFOPLIST_KEY_UIApplicationSupportsIndirectInputEvents[sdk=iphonesimulator*]" = YES;
				"INFOPLIST_KEY_UILaunchScreen_Generation[sdk=iphoneos*]" = YES;
				"INFOPLIST_KEY_UILaunchScreen_Generation[sdk=iphonesimulator*]" = YES;
				"INFOPLIST_KEY_UIStatusBarStyle[sdk=iphoneos*]" = UIStatusBarStyleDefault;
				"INFOPLIST_KEY_UIStatusBarStyle[sdk=iphonesimulator*]" = UIStatusBarStyleDefault;
				INFOPLIST_KEY_UISupportedInterfaceOrientations_iPad = "UIInterfaceOrientationPortrait UIInterfaceOrientationPortraitUpsideDown UIInterfaceOrientationLandscapeLeft UIInterfaceOrientationLandscapeRight";
				INFOPLIST_KEY_UISupportedInterfaceOrientations_iPhone = "UIInterfaceOrientationPortrait UIInterfaceOrientationLandscapeLeft UIInterfaceOrientationLandscapeRight";
				IPHONEOS_DEPLOYMENT_TARGET = 17.2;
				LD_RUNPATH_SEARCH_PATHS = "@executable_path/Frameworks";
				"LD_RUNPATH_SEARCH_PATHS[sdk=macosx*]" = "@executable_path/../Frameworks";
				MACOSX_DEPLOYMENT_TARGET = 14.2;
				MARKETING_VERSION = 1.0;
				PRODUCT_BUNDLE_IDENTIFIER = com.youxel.DFComponents;
				PRODUCT_NAME = "$(TARGET_NAME)";
				SDKROOT = auto;
				SUPPORTED_PLATFORMS = "iphoneos iphonesimulator macosx";
				SWIFT_EMIT_LOC_STRINGS = YES;
				SWIFT_VERSION = 5.0;
				TARGETED_DEVICE_FAMILY = "1,2";
			};
			name = Debug;
		};
		E4BBD0082D4A24C3004AA735 /* Release */ = {
			isa = XCBuildConfiguration;
			buildSettings = {
				ASSETCATALOG_COMPILER_APPICON_NAME = AppIcon;
				ASSETCATALOG_COMPILER_GLOBAL_ACCENT_COLOR_NAME = AccentColor;
				CODE_SIGN_ENTITLEMENTS = DFComponents/DFComponents.entitlements;
				CODE_SIGN_STYLE = Automatic;
				CURRENT_PROJECT_VERSION = 1;
				DEVELOPMENT_ASSET_PATHS = "\"DFComponents/Preview Content\"";
				DEVELOPMENT_TEAM = 95MM2PH5X4;
				ENABLE_HARDENED_RUNTIME = YES;
				ENABLE_PREVIEWS = YES;
				GENERATE_INFOPLIST_FILE = YES;
				INFOPLIST_KEY_NSCameraUsageDescription = "USE CAMERA INFO";
				"INFOPLIST_KEY_UIApplicationSceneManifest_Generation[sdk=iphoneos*]" = YES;
				"INFOPLIST_KEY_UIApplicationSceneManifest_Generation[sdk=iphonesimulator*]" = YES;
				"INFOPLIST_KEY_UIApplicationSupportsIndirectInputEvents[sdk=iphoneos*]" = YES;
				"INFOPLIST_KEY_UIApplicationSupportsIndirectInputEvents[sdk=iphonesimulator*]" = YES;
				"INFOPLIST_KEY_UILaunchScreen_Generation[sdk=iphoneos*]" = YES;
				"INFOPLIST_KEY_UILaunchScreen_Generation[sdk=iphonesimulator*]" = YES;
				"INFOPLIST_KEY_UIStatusBarStyle[sdk=iphoneos*]" = UIStatusBarStyleDefault;
				"INFOPLIST_KEY_UIStatusBarStyle[sdk=iphonesimulator*]" = UIStatusBarStyleDefault;
				INFOPLIST_KEY_UISupportedInterfaceOrientations_iPad = "UIInterfaceOrientationPortrait UIInterfaceOrientationPortraitUpsideDown UIInterfaceOrientationLandscapeLeft UIInterfaceOrientationLandscapeRight";
				INFOPLIST_KEY_UISupportedInterfaceOrientations_iPhone = "UIInterfaceOrientationPortrait UIInterfaceOrientationLandscapeLeft UIInterfaceOrientationLandscapeRight";
				IPHONEOS_DEPLOYMENT_TARGET = 17.2;
				LD_RUNPATH_SEARCH_PATHS = "@executable_path/Frameworks";
				"LD_RUNPATH_SEARCH_PATHS[sdk=macosx*]" = "@executable_path/../Frameworks";
				MACOSX_DEPLOYMENT_TARGET = 14.2;
				MARKETING_VERSION = 1.0;
				PRODUCT_BUNDLE_IDENTIFIER = com.youxel.DFComponents;
				PRODUCT_NAME = "$(TARGET_NAME)";
				SDKROOT = auto;
				SUPPORTED_PLATFORMS = "iphoneos iphonesimulator macosx";
				SWIFT_EMIT_LOC_STRINGS = YES;
				SWIFT_VERSION = 5.0;
				TARGETED_DEVICE_FAMILY = "1,2";
			};
			name = Release;
		};
		E4BBD00A2D4A24C3004AA735 /* Debug */ = {
			isa = XCBuildConfiguration;
			buildSettings = {
				ALWAYS_EMBED_SWIFT_STANDARD_LIBRARIES = YES;
				BUNDLE_LOADER = "$(TEST_HOST)";
				CODE_SIGN_STYLE = Automatic;
				CURRENT_PROJECT_VERSION = 1;
				DEVELOPMENT_TEAM = 95MM2PH5X4;
				GENERATE_INFOPLIST_FILE = YES;
				IPHONEOS_DEPLOYMENT_TARGET = 17.2;
				MACOSX_DEPLOYMENT_TARGET = 14.2;
				MARKETING_VERSION = 1.0;
				PRODUCT_BUNDLE_IDENTIFIER = com.youxel.DFComponentsTests;
				PRODUCT_NAME = "$(TARGET_NAME)";
				SDKROOT = auto;
				SUPPORTED_PLATFORMS = "iphoneos iphonesimulator macosx";
				SWIFT_EMIT_LOC_STRINGS = NO;
				SWIFT_VERSION = 5.0;
				TARGETED_DEVICE_FAMILY = "1,2";
				TEST_HOST = "$(BUILT_PRODUCTS_DIR)/DFComponents.app/$(BUNDLE_EXECUTABLE_FOLDER_PATH)/DFComponents";
			};
			name = Debug;
		};
		E4BBD00B2D4A24C3004AA735 /* Release */ = {
			isa = XCBuildConfiguration;
			buildSettings = {
				ALWAYS_EMBED_SWIFT_STANDARD_LIBRARIES = YES;
				BUNDLE_LOADER = "$(TEST_HOST)";
				CODE_SIGN_STYLE = Automatic;
				CURRENT_PROJECT_VERSION = 1;
				DEVELOPMENT_TEAM = 95MM2PH5X4;
				GENERATE_INFOPLIST_FILE = YES;
				IPHONEOS_DEPLOYMENT_TARGET = 17.2;
				MACOSX_DEPLOYMENT_TARGET = 14.2;
				MARKETING_VERSION = 1.0;
				PRODUCT_BUNDLE_IDENTIFIER = com.youxel.DFComponentsTests;
				PRODUCT_NAME = "$(TARGET_NAME)";
				SDKROOT = auto;
				SUPPORTED_PLATFORMS = "iphoneos iphonesimulator macosx";
				SWIFT_EMIT_LOC_STRINGS = NO;
				SWIFT_VERSION = 5.0;
				TARGETED_DEVICE_FAMILY = "1,2";
				TEST_HOST = "$(BUILT_PRODUCTS_DIR)/DFComponents.app/$(BUNDLE_EXECUTABLE_FOLDER_PATH)/DFComponents";
			};
			name = Release;
		};
		E4BBD00D2D4A24C3004AA735 /* Debug */ = {
			isa = XCBuildConfiguration;
			buildSettings = {
				ALWAYS_EMBED_SWIFT_STANDARD_LIBRARIES = YES;
				CODE_SIGN_STYLE = Automatic;
				CURRENT_PROJECT_VERSION = 1;
				DEVELOPMENT_TEAM = 95MM2PH5X4;
				GENERATE_INFOPLIST_FILE = YES;
				IPHONEOS_DEPLOYMENT_TARGET = 17.2;
				MACOSX_DEPLOYMENT_TARGET = 14.2;
				MARKETING_VERSION = 1.0;
				PRODUCT_BUNDLE_IDENTIFIER = com.youxel.DFComponentsUITests;
				PRODUCT_NAME = "$(TARGET_NAME)";
				SDKROOT = auto;
				SUPPORTED_PLATFORMS = "iphoneos iphonesimulator macosx";
				SWIFT_EMIT_LOC_STRINGS = NO;
				SWIFT_VERSION = 5.0;
				TARGETED_DEVICE_FAMILY = "1,2";
				TEST_TARGET_NAME = DFComponents;
			};
			name = Debug;
		};
		E4BBD00E2D4A24C3004AA735 /* Release */ = {
			isa = XCBuildConfiguration;
			buildSettings = {
				ALWAYS_EMBED_SWIFT_STANDARD_LIBRARIES = YES;
				CODE_SIGN_STYLE = Automatic;
				CURRENT_PROJECT_VERSION = 1;
				DEVELOPMENT_TEAM = 95MM2PH5X4;
				GENERATE_INFOPLIST_FILE = YES;
				IPHONEOS_DEPLOYMENT_TARGET = 17.2;
				MACOSX_DEPLOYMENT_TARGET = 14.2;
				MARKETING_VERSION = 1.0;
				PRODUCT_BUNDLE_IDENTIFIER = com.youxel.DFComponentsUITests;
				PRODUCT_NAME = "$(TARGET_NAME)";
				SDKROOT = auto;
				SUPPORTED_PLATFORMS = "iphoneos iphonesimulator macosx";
				SWIFT_EMIT_LOC_STRINGS = NO;
				SWIFT_VERSION = 5.0;
				TARGETED_DEVICE_FAMILY = "1,2";
				TEST_TARGET_NAME = DFComponents;
			};
			name = Release;
		};
/* End XCBuildConfiguration section */

/* Begin XCConfigurationList section */
		E4BBCFDC2D4A24BF004AA735 /* Build configuration list for PBXProject "DFComponents" */ = {
			isa = XCConfigurationList;
			buildConfigurations = (
				E4BBD0042D4A24C3004AA735 /* Debug */,
				E4BBD0052D4A24C3004AA735 /* Release */,
			);
			defaultConfigurationIsVisible = 0;
			defaultConfigurationName = Release;
		};
		E4BBD0062D4A24C3004AA735 /* Build configuration list for PBXNativeTarget "DFComponents" */ = {
			isa = XCConfigurationList;
			buildConfigurations = (
				E4BBD0072D4A24C3004AA735 /* Debug */,
				E4BBD0082D4A24C3004AA735 /* Release */,
			);
			defaultConfigurationIsVisible = 0;
			defaultConfigurationName = Release;
		};
		E4BBD0092D4A24C3004AA735 /* Build configuration list for PBXNativeTarget "DFComponentsTests" */ = {
			isa = XCConfigurationList;
			buildConfigurations = (
				E4BBD00A2D4A24C3004AA735 /* Debug */,
				E4BBD00B2D4A24C3004AA735 /* Release */,
			);
			defaultConfigurationIsVisible = 0;
			defaultConfigurationName = Release;
		};
		E4BBD00C2D4A24C3004AA735 /* Build configuration list for PBXNativeTarget "DFComponentsUITests" */ = {
			isa = XCConfigurationList;
			buildConfigurations = (
				E4BBD00D2D4A24C3004AA735 /* Debug */,
				E4BBD00E2D4A24C3004AA735 /* Release */,
			);
			defaultConfigurationIsVisible = 0;
			defaultConfigurationName = Release;
		};
/* End XCConfigurationList section */

/* Begin XCRemoteSwiftPackageReference section */
		E4A901A62D5E02D3007080AC /* XCRemoteSwiftPackageReference "keychain-swift" */ = {
			isa = XCRemoteSwiftPackageReference;
			repositoryURL = "https://github.com/evgenyneu/keychain-swift";
			requirement = {
				kind = upToNextMajorVersion;
				minimumVersion = 24.0.0;
			};
		};
		E4A901AB2D61CEF5007080AC /* XCRemoteSwiftPackageReference "Alamofire" */ = {
			isa = XCRemoteSwiftPackageReference;
			repositoryURL = "https://github.com/Alamofire/Alamofire.git";
			requirement = {
				kind = upToNextMajorVersion;
				minimumVersion = 5.10.2;
			};
		};
/* End XCRemoteSwiftPackageReference section */

/* Begin XCSwiftPackageProductDependency section */
		E4A901A72D5E02D3007080AC /* KeychainSwift */ = {
			isa = XCSwiftPackageProductDependency;
			package = E4A901A62D5E02D3007080AC /* XCRemoteSwiftPackageReference "keychain-swift" */;
			productName = KeychainSwift;
		};
		E4A901AD2D61CF07007080AC /* Alamofire */ = {
			isa = XCSwiftPackageProductDependency;
			package = E4A901AB2D61CEF5007080AC /* XCRemoteSwiftPackageReference "Alamofire" */;
			productName = Alamofire;
		};
/* End XCSwiftPackageProductDependency section */
	};
	rootObject = E4BBCFD92D4A24BF004AA735 /* Project object */;
}
